// !$*UTF8*$!
{
	archiveVersion = 1;
	classes = {
	};
	objectVersion = 48;
	objects = {

/* Begin PBXBuildFile section */
		2D07A8371F8F1EBA00636188 /* BSBaseMackViewController.swift in Sources */ = {isa = PBXBuildFile; fileRef = 2D07A8361F8F1EB900636188 /* BSBaseMackViewController.swift */; };
		2D07A8391F8F329E00636188 /* BSMaskBuyView.swift in Sources */ = {isa = PBXBuildFile; fileRef = 2D07A8381F8F329E00636188 /* BSMaskBuyView.swift */; };
		2D07A83B1F8F32AC00636188 /* BSMaskBuyView.xib in Resources */ = {isa = PBXBuildFile; fileRef = 2D07A83A1F8F32AC00636188 /* BSMaskBuyView.xib */; };
		2D07A83D1F8F40EB00636188 /* BSPostViewController.swift in Sources */ = {isa = PBXBuildFile; fileRef = 2D07A83C1F8F40EB00636188 /* BSPostViewController.swift */; };
		2D07A8401F8F4F6F00636188 /* BSPostCell.swift in Sources */ = {isa = PBXBuildFile; fileRef = 2D07A83E1F8F4F6F00636188 /* BSPostCell.swift */; };
		2D07A8411F8F4F6F00636188 /* BSPostCell.xib in Resources */ = {isa = PBXBuildFile; fileRef = 2D07A83F1F8F4F6F00636188 /* BSPostCell.xib */; };
		2D07A8491F8F545100636188 /* BSPostModel.swift in Sources */ = {isa = PBXBuildFile; fileRef = 2D07A8481F8F545100636188 /* BSPostModel.swift */; };
		2D07A84C1F8F5FE500636188 /* BSPostInputCell.swift in Sources */ = {isa = PBXBuildFile; fileRef = 2D07A84A1F8F5FE500636188 /* BSPostInputCell.swift */; };
		2D07A84D1F8F5FE500636188 /* BSPostInputCell.xib in Resources */ = {isa = PBXBuildFile; fileRef = 2D07A84B1F8F5FE500636188 /* BSPostInputCell.xib */; };
		2D07A85E1F8F706600636188 /* BSPostHighTableViewCell.swift in Sources */ = {isa = PBXBuildFile; fileRef = 2D07A85C1F8F706600636188 /* BSPostHighTableViewCell.swift */; };
		2D07A85F1F8F706600636188 /* BSPostHighTableViewCell.xib in Resources */ = {isa = PBXBuildFile; fileRef = 2D07A85D1F8F706600636188 /* BSPostHighTableViewCell.xib */; };
		2D07A8611F8F77AD00636188 /* BSDigitalCoinController.swift in Sources */ = {isa = PBXBuildFile; fileRef = 2D07A8601F8F77AD00636188 /* BSDigitalCoinController.swift */; };
		2D0C37431F8CAC0000EFF40E /* BSBuyCoinCell.xib in Resources */ = {isa = PBXBuildFile; fileRef = 2D0C37451F8CAC0100EFF40E /* BSBuyCoinCell.xib */; };
		2D0C37501F8CBDED00EFF40E /* BSBuyRemindCell.swift in Sources */ = {isa = PBXBuildFile; fileRef = 2D0C374E1F8CBDED00EFF40E /* BSBuyRemindCell.swift */; };
		2D0C37531F8CC0F600EFF40E /* BSBaseTableViewCell.swift in Sources */ = {isa = PBXBuildFile; fileRef = 2D0C37521F8CC0F600EFF40E /* BSBaseTableViewCell.swift */; };
		2D0C37541F8CC17E00EFF40E /* BSBuyRemindCell.xib in Resources */ = {isa = PBXBuildFile; fileRef = 2D0C37561F8CC17E00EFF40E /* BSBuyRemindCell.xib */; };
		2D0C9E5D1F90A04700698F1D /* BSSreenDateView.swift in Sources */ = {isa = PBXBuildFile; fileRef = 2D0C9E5C1F90A04700698F1D /* BSSreenDateView.swift */; };
		2D0C9E5F1F90A04F00698F1D /* BSSreenDateView.xib in Resources */ = {isa = PBXBuildFile; fileRef = 2D0C9E5E1F90A04F00698F1D /* BSSreenDateView.xib */; };
		2D0C9E621F90B4DC00698F1D /* BSSuggestTitleCell.swift in Sources */ = {isa = PBXBuildFile; fileRef = 2D0C9E601F90B4DC00698F1D /* BSSuggestTitleCell.swift */; };
		2D0C9E631F90B4DC00698F1D /* BSSuggestTitleCell.xib in Resources */ = {isa = PBXBuildFile; fileRef = 2D0C9E611F90B4DC00698F1D /* BSSuggestTitleCell.xib */; };
		2D0F64DC1F90DF440005341A /* BSResetFiestViewController.swift in Sources */ = {isa = PBXBuildFile; fileRef = 2D0F64DB1F90DF440005341A /* BSResetFiestViewController.swift */; };
		2D0F64DF1F90E43D0005341A /* BSMyViewModel.swift in Sources */ = {isa = PBXBuildFile; fileRef = 2D0F64DE1F90E43D0005341A /* BSMyViewModel.swift */; };
		2D38F0551F8C66E9008264E7 /* BSBuyCoinCell.swift in Sources */ = {isa = PBXBuildFile; fileRef = 2D38F0531F8C66E9008264E7 /* BSBuyCoinCell.swift */; };
		2D3F9C4E1F904C0F0050CD57 /* BSSearchController.swift in Sources */ = {isa = PBXBuildFile; fileRef = 2D3F9C4D1F904C0F0050CD57 /* BSSearchController.swift */; };
		2D3F9C501F9059CB0050CD57 /* BSSearchUserController.swift in Sources */ = {isa = PBXBuildFile; fileRef = 2D3F9C4F1F9059CB0050CD57 /* BSSearchUserController.swift */; };
		2D3F9C541F905C770050CD57 /* BSPurseHeaderCell.swift in Sources */ = {isa = PBXBuildFile; fileRef = 2D3F9C521F905C770050CD57 /* BSPurseHeaderCell.swift */; };
		2D3F9C551F905C770050CD57 /* BSPurseHeaderCell.xib in Resources */ = {isa = PBXBuildFile; fileRef = 2D3F9C531F905C770050CD57 /* BSPurseHeaderCell.xib */; };
		2D3F9C581F9061620050CD57 /* BSBTCTypeTableViewCell.swift in Sources */ = {isa = PBXBuildFile; fileRef = 2D3F9C561F9061620050CD57 /* BSBTCTypeTableViewCell.swift */; };
		2D3F9C591F9061620050CD57 /* BSBTCTypeTableViewCell.xib in Resources */ = {isa = PBXBuildFile; fileRef = 2D3F9C571F9061620050CD57 /* BSBTCTypeTableViewCell.xib */; };
		2D3F9C5C1F9064020050CD57 /* BSGetBTCCell.swift in Sources */ = {isa = PBXBuildFile; fileRef = 2D3F9C5A1F9064020050CD57 /* BSGetBTCCell.swift */; };
		2D3F9C5D1F9064020050CD57 /* BSGetBTCCell.xib in Resources */ = {isa = PBXBuildFile; fileRef = 2D3F9C5B1F9064020050CD57 /* BSGetBTCCell.xib */; };
		2D3F9C601F9065730050CD57 /* BSPostBTCCell.swift in Sources */ = {isa = PBXBuildFile; fileRef = 2D3F9C5E1F9065730050CD57 /* BSPostBTCCell.swift */; };
		2D3F9C611F9065730050CD57 /* BSPostBTCCell.xib in Resources */ = {isa = PBXBuildFile; fileRef = 2D3F9C5F1F9065730050CD57 /* BSPostBTCCell.xib */; };
		2D3F9C631F9086EB0050CD57 /* BSTradingDetailController.swift in Sources */ = {isa = PBXBuildFile; fileRef = 2D3F9C621F9086EB0050CD57 /* BSTradingDetailController.swift */; };
		2D3F9C661F9087360050CD57 /* BSTradingCell.swift in Sources */ = {isa = PBXBuildFile; fileRef = 2D3F9C641F9087360050CD57 /* BSTradingCell.swift */; };
		2D3F9C671F9087360050CD57 /* BSTradingCell.xib in Resources */ = {isa = PBXBuildFile; fileRef = 2D3F9C651F9087360050CD57 /* BSTradingCell.xib */; };
		2D3F9C6C1F908B0E0050CD57 /* BSScreenView.swift in Sources */ = {isa = PBXBuildFile; fileRef = 2D3F9C6B1F908B0E0050CD57 /* BSScreenView.swift */; };
		2D3F9C6E1F908B180050CD57 /* BSScreenView.xib in Resources */ = {isa = PBXBuildFile; fileRef = 2D3F9C6D1F908B180050CD57 /* BSScreenView.xib */; };
		2D3F9C701F908DED0050CD57 /* ETPopupView.swift in Sources */ = {isa = PBXBuildFile; fileRef = 2D3F9C6F1F908DED0050CD57 /* ETPopupView.swift */; };
		2D3F9C721F908E070050CD57 /* ETPopupViewExtension.swift in Sources */ = {isa = PBXBuildFile; fileRef = 2D3F9C711F908E070050CD57 /* ETPopupViewExtension.swift */; };
		2D3F9C751F9096A50050CD57 /* BSScreenCollectionViewCell.swift in Sources */ = {isa = PBXBuildFile; fileRef = 2D3F9C731F9096A50050CD57 /* BSScreenCollectionViewCell.swift */; };
		2D3F9C761F9096A50050CD57 /* BSScreenCollectionViewCell.xib in Resources */ = {isa = PBXBuildFile; fileRef = 2D3F9C741F9096A50050CD57 /* BSScreenCollectionViewCell.xib */; };
		2D423E9E1F8E15F200D38418 /* BSLoginViewModel.swift in Sources */ = {isa = PBXBuildFile; fileRef = 2D423E9D1F8E15F200D38418 /* BSLoginViewModel.swift */; };
		2D423EA01F8E46F200D38418 /* BSForgetPassViewController.swift in Sources */ = {isa = PBXBuildFile; fileRef = 2D423E9F1F8E46F200D38418 /* BSForgetPassViewController.swift */; };
		2D423EA21F8E477F00D38418 /* BSResetViewController.swift in Sources */ = {isa = PBXBuildFile; fileRef = 2D423EA11F8E477F00D38418 /* BSResetViewController.swift */; };
		2D4E38E81F8F8F95004A16A4 /* BSAboutMeController.swift in Sources */ = {isa = PBXBuildFile; fileRef = 2D4E38E71F8F8F95004A16A4 /* BSAboutMeController.swift */; };
		2D4E38EA1F8F91F1004A16A4 /* BSCenterController.swift in Sources */ = {isa = PBXBuildFile; fileRef = 2D4E38E91F8F91F1004A16A4 /* BSCenterController.swift */; };
		2D4E38EC1F8F92BC004A16A4 /* BSSuggestController.swift in Sources */ = {isa = PBXBuildFile; fileRef = 2D4E38EB1F8F92BC004A16A4 /* BSSuggestController.swift */; };
		2D4E38EF1F8F9AC4004A16A4 /* BSSuggestCell.swift in Sources */ = {isa = PBXBuildFile; fileRef = 2D4E38ED1F8F9AC4004A16A4 /* BSSuggestCell.swift */; };
		2D4E38F01F8F9AC4004A16A4 /* BSSuggestCell.xib in Resources */ = {isa = PBXBuildFile; fileRef = 2D4E38EE1F8F9AC4004A16A4 /* BSSuggestCell.xib */; };
		2D5615131F8DA88800BB9C03 /* BSViewComponent.swift in Sources */ = {isa = PBXBuildFile; fileRef = 2D5615121F8DA88800BB9C03 /* BSViewComponent.swift */; };
		2D5615151F8DAA3300BB9C03 /* BSSetNickViewController.swift in Sources */ = {isa = PBXBuildFile; fileRef = 2D5615141F8DAA3300BB9C03 /* BSSetNickViewController.swift */; };
		2D5615511F8DFD4700BB9C03 /* BSCountryNavView.swift in Sources */ = {isa = PBXBuildFile; fileRef = 2D5615501F8DFD4700BB9C03 /* BSCountryNavView.swift */; };
		2D5615531F8DFD6500BB9C03 /* BSCountryNavView.xib in Resources */ = {isa = PBXBuildFile; fileRef = 2D5615521F8DFD6500BB9C03 /* BSCountryNavView.xib */; };
		2D5DCA721F94685600944FDA /* BSMobileListController.swift in Sources */ = {isa = PBXBuildFile; fileRef = 2D5DCA711F94685600944FDA /* BSMobileListController.swift */; };
		2D61A4441F8B4CCA00071D80 /* UIViewControllerRouter.swift in Sources */ = {isa = PBXBuildFile; fileRef = 2D61A4431F8B4CCA00071D80 /* UIViewControllerRouter.swift */; };
		2D61A4461F8B66DB00071D80 /* BSMyAdverteViewController.swift in Sources */ = {isa = PBXBuildFile; fileRef = 2D61A4451F8B66DB00071D80 /* BSMyAdverteViewController.swift */; };
		2D61A4CA1F8B7CEC00071D80 /* InfoPlist.strings in Resources */ = {isa = PBXBuildFile; fileRef = 2D61A4C91F8B7CEC00071D80 /* InfoPlist.strings */; };
		2D61A4CD1F8B7D0B00071D80 /* Localizable.strings in Resources */ = {isa = PBXBuildFile; fileRef = 2D61A4CF1F8B7D0B00071D80 /* Localizable.strings */; };
		2D61A4D51F8B89BD00071D80 /* BSSettingViewController.swift in Sources */ = {isa = PBXBuildFile; fileRef = 2D61A4D41F8B89BD00071D80 /* BSSettingViewController.swift */; };
		2D61A4D81F8B8E8700071D80 /* BSSettingCell.swift in Sources */ = {isa = PBXBuildFile; fileRef = 2D61A4D61F8B8E8700071D80 /* BSSettingCell.swift */; };
		2D61A4D91F8B8E8700071D80 /* BSSettingCell.xib in Resources */ = {isa = PBXBuildFile; fileRef = 2D61A4D71F8B8E8700071D80 /* BSSettingCell.xib */; };
		2D61A9981F7F372E004AD2B8 /* BSSegmented.swift in Sources */ = {isa = PBXBuildFile; fileRef = 2D61A9971F7F372E004AD2B8 /* BSSegmented.swift */; };
		2D61A9BF1F7F61DC004AD2B8 /* BSBaseSegmentedControl.swift in Sources */ = {isa = PBXBuildFile; fileRef = 2D61A9BE1F7F61DC004AD2B8 /* BSBaseSegmentedControl.swift */; };
		2D61A9C11F7F62C9004AD2B8 /* BSOrderViewControllers.swift in Sources */ = {isa = PBXBuildFile; fileRef = 2D61A9C01F7F62C9004AD2B8 /* BSOrderViewControllers.swift */; };
		2D61A9C41F7F6D58004AD2B8 /* BSMyTableViewCell.swift in Sources */ = {isa = PBXBuildFile; fileRef = 2D61A9C21F7F6D58004AD2B8 /* BSMyTableViewCell.swift */; };
		2D61A9C51F7F6D58004AD2B8 /* BSMyTableViewCell.xib in Resources */ = {isa = PBXBuildFile; fileRef = 2D61A9C31F7F6D58004AD2B8 /* BSMyTableViewCell.xib */; };
		2D61A9C81F7F8494004AD2B8 /* BAMySetTableViewCell.swift in Sources */ = {isa = PBXBuildFile; fileRef = 2D61A9C61F7F8494004AD2B8 /* BAMySetTableViewCell.swift */; };
		2D61A9C91F7F8494004AD2B8 /* BAMySetTableViewCell.xib in Resources */ = {isa = PBXBuildFile; fileRef = 2D61A9C71F7F8494004AD2B8 /* BAMySetTableViewCell.xib */; };
		2D61A9D01F8B0A19004AD2B8 /* Login.storyboard in Resources */ = {isa = PBXBuildFile; fileRef = 2D61A9CF1F8B0A19004AD2B8 /* Login.storyboard */; };
		2D61A9D21F8B0AA9004AD2B8 /* BSLoginViewController.swift in Sources */ = {isa = PBXBuildFile; fileRef = 2D61A9D11F8B0AA9004AD2B8 /* BSLoginViewController.swift */; };
		2D6523C21F8CF07D00CB5B54 /* BSExtensionAdd.swift in Sources */ = {isa = PBXBuildFile; fileRef = 2D6523C11F8CF07D00CB5B54 /* BSExtensionAdd.swift */; };
		2D6523C41F8CF82B00CB5B54 /* BSRegistViewController.swift in Sources */ = {isa = PBXBuildFile; fileRef = 2D6523C31F8CF82B00CB5B54 /* BSRegistViewController.swift */; };
		2D6BDE9E1F7E34DE00E64452 /* BSTransactCell.swift in Sources */ = {isa = PBXBuildFile; fileRef = 2D6BDE9C1F7E34DE00E64452 /* BSTransactCell.swift */; };
		2D6BDE9F1F7E34DE00E64452 /* BSTransactCell.xib in Resources */ = {isa = PBXBuildFile; fileRef = 2D6BDE9D1F7E34DE00E64452 /* BSTransactCell.xib */; };
		2D6BDEA11F7E3BF400E64452 /* BSBaseTableViewController.swift in Sources */ = {isa = PBXBuildFile; fileRef = 2D6BDEA01F7E3BF400E64452 /* BSBaseTableViewController.swift */; };
		2D6BDEA31F7E449F00E64452 /* NSObject+Rx.swift in Sources */ = {isa = PBXBuildFile; fileRef = 2D6BDEA21F7E449F00E64452 /* NSObject+Rx.swift */; };
		2D6D655E1F9446EF003B03AF /* BSMyBuyController.swift in Sources */ = {isa = PBXBuildFile; fileRef = 2D6D655D1F9446EF003B03AF /* BSMyBuyController.swift */; };
		2D6D65611F94471C003B03AF /* BSMyBuyCell.swift in Sources */ = {isa = PBXBuildFile; fileRef = 2D6D655F1F94471C003B03AF /* BSMyBuyCell.swift */; };
		2D6D65621F94471C003B03AF /* BSMyBuyCell.xib in Resources */ = {isa = PBXBuildFile; fileRef = 2D6D65601F94471C003B03AF /* BSMyBuyCell.xib */; };
		2D6D65651F945429003B03AF /* BSLoginModel.swift in Sources */ = {isa = PBXBuildFile; fileRef = 2D6D65641F945429003B03AF /* BSLoginModel.swift */; };
		2D6D65691F945C27003B03AF /* BSPostViewModel.swift in Sources */ = {isa = PBXBuildFile; fileRef = 2D6D65681F945C26003B03AF /* BSPostViewModel.swift */; };
		2DDD35741F7DD2E1005DED82 /* AppDelegate.swift in Sources */ = {isa = PBXBuildFile; fileRef = 2DDD35731F7DD2E1005DED82 /* AppDelegate.swift */; };
		2DDD35791F7DD2E1005DED82 /* Main.storyboard in Resources */ = {isa = PBXBuildFile; fileRef = 2DDD35771F7DD2E1005DED82 /* Main.storyboard */; };
		2DDD357B1F7DD2E1005DED82 /* Assets.xcassets in Resources */ = {isa = PBXBuildFile; fileRef = 2DDD357A1F7DD2E1005DED82 /* Assets.xcassets */; };
		2DDD357E1F7DD2E1005DED82 /* LaunchScreen.storyboard in Resources */ = {isa = PBXBuildFile; fileRef = 2DDD357C1F7DD2E1005DED82 /* LaunchScreen.storyboard */; };
		2DDD358F1F7DE3BF005DED82 /* BSBaseViewController.swift in Sources */ = {isa = PBXBuildFile; fileRef = 2DDD358E1F7DE3BF005DED82 /* BSBaseViewController.swift */; };
		2DDD35931F7DE489005DED82 /* BSConfig.swift in Sources */ = {isa = PBXBuildFile; fileRef = 2DDD35921F7DE489005DED82 /* BSConfig.swift */; };
		2DDD35951F7DE8F8005DED82 /* BSApiPath.swift in Sources */ = {isa = PBXBuildFile; fileRef = 2DDD35941F7DE8F8005DED82 /* BSApiPath.swift */; };
		2DDD35971F7DE90C005DED82 /* BSNetManager.swift in Sources */ = {isa = PBXBuildFile; fileRef = 2DDD35961F7DE90C005DED82 /* BSNetManager.swift */; };
		2DDD35991F7DE91A005DED82 /* BSRequestApi.swift in Sources */ = {isa = PBXBuildFile; fileRef = 2DDD35981F7DE91A005DED82 /* BSRequestApi.swift */; };
		2DDD35BD1F7DF324005DED82 /* BSUIViewController.swift in Sources */ = {isa = PBXBuildFile; fileRef = 2DDD35BC1F7DF324005DED82 /* BSUIViewController.swift */; };
		2DDD35C01F7DF3BA005DED82 /* BSUtil.swift in Sources */ = {isa = PBXBuildFile; fileRef = 2DDD35BF1F7DF3BA005DED82 /* BSUtil.swift */; };
		2DDD35C21F7DF413005DED82 /* BSHud.swift in Sources */ = {isa = PBXBuildFile; fileRef = 2DDD35C11F7DF413005DED82 /* BSHud.swift */; };
		2DDD35C41F7DF586005DED82 /* BSImageView.swift in Sources */ = {isa = PBXBuildFile; fileRef = 2DDD35C31F7DF586005DED82 /* BSImageView.swift */; };
		2DDD35C71F7E0C91005DED82 /* BSBaseNavigation.swift in Sources */ = {isa = PBXBuildFile; fileRef = 2DDD35C61F7E0C91005DED82 /* BSBaseNavigation.swift */; };
		2DDD35C91F7E0D59005DED82 /* BSBaseTabBar.swift in Sources */ = {isa = PBXBuildFile; fileRef = 2DDD35C81F7E0D59005DED82 /* BSBaseTabBar.swift */; };
		2DDD35CD1F7E1B98005DED82 /* Transact.storyboard in Resources */ = {isa = PBXBuildFile; fileRef = 2DDD35CC1F7E1B98005DED82 /* Transact.storyboard */; };
		2DDD35CF1F7E1E5C005DED82 /* Order.storyboard in Resources */ = {isa = PBXBuildFile; fileRef = 2DDD35CE1F7E1E5C005DED82 /* Order.storyboard */; };
		2DDD35FA1F7E20C3005DED82 /* Purse.storyboard in Resources */ = {isa = PBXBuildFile; fileRef = 2DDD35F91F7E20C3005DED82 /* Purse.storyboard */; };
		2DDD35FC1F7E20CD005DED82 /* My.storyboard in Resources */ = {isa = PBXBuildFile; fileRef = 2DDD35FB1F7E20CD005DED82 /* My.storyboard */; };
		2DE0E2491F8B219700DB225C /* BSPhoneLoginViewController.swift in Sources */ = {isa = PBXBuildFile; fileRef = 2DE0E2481F8B219700DB225C /* BSPhoneLoginViewController.swift */; };
		2DE3305C1F7E282400048D3D /* BSPurseViewController.swift in Sources */ = {isa = PBXBuildFile; fileRef = 2DE3305B1F7E282400048D3D /* BSPurseViewController.swift */; };
		2DE3305E1F7E288500048D3D /* BSMyViewController.swift in Sources */ = {isa = PBXBuildFile; fileRef = 2DE3305D1F7E288500048D3D /* BSMyViewController.swift */; };
		2DE330601F7E289A00048D3D /* BSMainViewController.swift in Sources */ = {isa = PBXBuildFile; fileRef = 2DE3305F1F7E289A00048D3D /* BSMainViewController.swift */; };
		2DE330621F7E28A900048D3D /* BSOrderViewController.swift in Sources */ = {isa = PBXBuildFile; fileRef = 2DE330611F7E28A900048D3D /* BSOrderViewController.swift */; };
		2DE330641F7E28B700048D3D /* BSTransactViewController.swift in Sources */ = {isa = PBXBuildFile; fileRef = 2DE330631F7E28B700048D3D /* BSTransactViewController.swift */; };
		2DE330661F7E29B500048D3D /* UIStoryboard+.swift in Sources */ = {isa = PBXBuildFile; fileRef = 2DE330651F7E29B500048D3D /* UIStoryboard+.swift */; };
		2DE330681F7E2A2600048D3D /* UITableView+.swift in Sources */ = {isa = PBXBuildFile; fileRef = 2DE330671F7E2A2600048D3D /* UITableView+.swift */; };
		2DE3306A1F7E2BCE00048D3D /* String+.swift in Sources */ = {isa = PBXBuildFile; fileRef = 2DE330691F7E2BCE00048D3D /* String+.swift */; };
		2DE3306C1F7E2C3100048D3D /* UIImage+.swift in Sources */ = {isa = PBXBuildFile; fileRef = 2DE3306B1F7E2C3100048D3D /* UIImage+.swift */; };
		2DE3306E1F7E2C5700048D3D /* UIView+.swift in Sources */ = {isa = PBXBuildFile; fileRef = 2DE3306D1F7E2C5700048D3D /* UIView+.swift */; };
		2DE330701F7E2EBC00048D3D /* BSTransactDetailViewController.swift in Sources */ = {isa = PBXBuildFile; fileRef = 2DE3306F1F7E2EBC00048D3D /* BSTransactDetailViewController.swift */; };
		2DEF92471F7F2BF0001425CF /* BSTransactViewControllers.swift in Sources */ = {isa = PBXBuildFile; fileRef = 2DEF92461F7F2BF0001425CF /* BSTransactViewControllers.swift */; };
		2DFB49D11F90D2FB007EE744 /* BSRealNameCell.swift in Sources */ = {isa = PBXBuildFile; fileRef = 2DFB49CF1F90D2FB007EE744 /* BSRealNameCell.swift */; };
		2DFB49D21F90D2FB007EE744 /* BSRealNameCell.xib in Resources */ = {isa = PBXBuildFile; fileRef = 2DFB49D01F90D2FB007EE744 /* BSRealNameCell.xib */; };
		2DFB49D51F90D42A007EE744 /* BSRealStyleCell.swift in Sources */ = {isa = PBXBuildFile; fileRef = 2DFB49D31F90D42A007EE744 /* BSRealStyleCell.swift */; };
		2DFB49D61F90D42A007EE744 /* BSRealStyleCell.xib in Resources */ = {isa = PBXBuildFile; fileRef = 2DFB49D41F90D42A007EE744 /* BSRealStyleCell.xib */; };
		2DFB49DA1F90D8EB007EE744 /* BSRealNameController.swift in Sources */ = {isa = PBXBuildFile; fileRef = 2DFB49D91F90D8EB007EE744 /* BSRealNameController.swift */; };
		67B1322242825BD17484678C /* Pods_BSMaster.framework in Frameworks */ = {isa = PBXBuildFile; fileRef = F95CB83FB92F115C73212760 /* Pods_BSMaster.framework */; };
/* End PBXBuildFile section */

/* Begin PBXFileReference section */
		2D07A8361F8F1EB900636188 /* BSBaseMackViewController.swift */ = {isa = PBXFileReference; lastKnownFileType = sourcecode.swift; path = BSBaseMackViewController.swift; sourceTree = "<group>"; };
		2D07A8381F8F329E00636188 /* BSMaskBuyView.swift */ = {isa = PBXFileReference; lastKnownFileType = sourcecode.swift; path = BSMaskBuyView.swift; sourceTree = "<group>"; };
		2D07A83A1F8F32AC00636188 /* BSMaskBuyView.xib */ = {isa = PBXFileReference; lastKnownFileType = file.xib; path = BSMaskBuyView.xib; sourceTree = "<group>"; };
		2D07A83C1F8F40EB00636188 /* BSPostViewController.swift */ = {isa = PBXFileReference; lastKnownFileType = sourcecode.swift; path = BSPostViewController.swift; sourceTree = "<group>"; };
		2D07A83E1F8F4F6F00636188 /* BSPostCell.swift */ = {isa = PBXFileReference; lastKnownFileType = sourcecode.swift; path = BSPostCell.swift; sourceTree = "<group>"; };
		2D07A83F1F8F4F6F00636188 /* BSPostCell.xib */ = {isa = PBXFileReference; lastKnownFileType = file.xib; path = BSPostCell.xib; sourceTree = "<group>"; };
		2D07A8481F8F545100636188 /* BSPostModel.swift */ = {isa = PBXFileReference; lastKnownFileType = sourcecode.swift; path = BSPostModel.swift; sourceTree = "<group>"; };
		2D07A84A1F8F5FE500636188 /* BSPostInputCell.swift */ = {isa = PBXFileReference; lastKnownFileType = sourcecode.swift; path = BSPostInputCell.swift; sourceTree = "<group>"; };
		2D07A84B1F8F5FE500636188 /* BSPostInputCell.xib */ = {isa = PBXFileReference; lastKnownFileType = file.xib; path = BSPostInputCell.xib; sourceTree = "<group>"; };
		2D07A85C1F8F706600636188 /* BSPostHighTableViewCell.swift */ = {isa = PBXFileReference; lastKnownFileType = sourcecode.swift; path = BSPostHighTableViewCell.swift; sourceTree = "<group>"; };
		2D07A85D1F8F706600636188 /* BSPostHighTableViewCell.xib */ = {isa = PBXFileReference; lastKnownFileType = file.xib; path = BSPostHighTableViewCell.xib; sourceTree = "<group>"; };
		2D07A8601F8F77AD00636188 /* BSDigitalCoinController.swift */ = {isa = PBXFileReference; lastKnownFileType = sourcecode.swift; path = BSDigitalCoinController.swift; sourceTree = "<group>"; };
		2D0C374B1F8CAC8D00EFF40E /* zh-Hans */ = {isa = PBXFileReference; lastKnownFileType = file.xib; name = "zh-Hans"; path = "zh-Hans.lproj/BSBuyCoinCell.xib"; sourceTree = "<group>"; };
		2D0C374E1F8CBDED00EFF40E /* BSBuyRemindCell.swift */ = {isa = PBXFileReference; lastKnownFileType = sourcecode.swift; path = BSBuyRemindCell.swift; sourceTree = "<group>"; };
		2D0C37521F8CC0F600EFF40E /* BSBaseTableViewCell.swift */ = {isa = PBXFileReference; lastKnownFileType = sourcecode.swift; path = BSBaseTableViewCell.swift; sourceTree = "<group>"; };
		2D0C37551F8CC17E00EFF40E /* zh-Hans */ = {isa = PBXFileReference; lastKnownFileType = file.xib; name = "zh-Hans"; path = "zh-Hans.lproj/BSBuyRemindCell.xib"; sourceTree = "<group>"; };
		2D0C37581F8CC18400EFF40E /* en */ = {isa = PBXFileReference; lastKnownFileType = text.plist.strings; name = en; path = en.lproj/BSBuyRemindCell.strings; sourceTree = "<group>"; };
		2D0C375A1F8CC18700EFF40E /* zh-Hant */ = {isa = PBXFileReference; lastKnownFileType = text.plist.strings; name = "zh-Hant"; path = "zh-Hant.lproj/BSBuyRemindCell.strings"; sourceTree = "<group>"; };
		2D0C375D1F8CCAD800EFF40E /* en */ = {isa = PBXFileReference; lastKnownFileType = text.plist.strings; name = en; path = en.lproj/BSBuyCoinCell.strings; sourceTree = "<group>"; };
		2D0C375E1F8CCADC00EFF40E /* zh-Hant */ = {isa = PBXFileReference; lastKnownFileType = text.plist.strings; name = "zh-Hant"; path = "zh-Hant.lproj/BSBuyCoinCell.strings"; sourceTree = "<group>"; };
		2D0C375F1F8CD00100EFF40E /* Base */ = {isa = PBXFileReference; lastKnownFileType = file.xib; name = Base; path = Base.lproj/BSBuyRemindCell.xib; sourceTree = "<group>"; };
		2D0C37601F8CD03400EFF40E /* Base */ = {isa = PBXFileReference; lastKnownFileType = file.xib; name = Base; path = Base.lproj/BSBuyCoinCell.xib; sourceTree = "<group>"; };
		2D0C9E5C1F90A04700698F1D /* BSSreenDateView.swift */ = {isa = PBXFileReference; lastKnownFileType = sourcecode.swift; path = BSSreenDateView.swift; sourceTree = "<group>"; };
		2D0C9E5E1F90A04F00698F1D /* BSSreenDateView.xib */ = {isa = PBXFileReference; lastKnownFileType = file.xib; path = BSSreenDateView.xib; sourceTree = "<group>"; };
		2D0C9E601F90B4DC00698F1D /* BSSuggestTitleCell.swift */ = {isa = PBXFileReference; lastKnownFileType = sourcecode.swift; path = BSSuggestTitleCell.swift; sourceTree = "<group>"; };
		2D0C9E611F90B4DC00698F1D /* BSSuggestTitleCell.xib */ = {isa = PBXFileReference; lastKnownFileType = file.xib; path = BSSuggestTitleCell.xib; sourceTree = "<group>"; };
		2D0F64DB1F90DF440005341A /* BSResetFiestViewController.swift */ = {isa = PBXFileReference; lastKnownFileType = sourcecode.swift; path = BSResetFiestViewController.swift; sourceTree = "<group>"; };
		2D0F64DE1F90E43D0005341A /* BSMyViewModel.swift */ = {isa = PBXFileReference; lastKnownFileType = sourcecode.swift; path = BSMyViewModel.swift; sourceTree = "<group>"; };
		2D38F0531F8C66E9008264E7 /* BSBuyCoinCell.swift */ = {isa = PBXFileReference; lastKnownFileType = sourcecode.swift; path = BSBuyCoinCell.swift; sourceTree = "<group>"; };
		2D3F9C4D1F904C0F0050CD57 /* BSSearchController.swift */ = {isa = PBXFileReference; lastKnownFileType = sourcecode.swift; path = BSSearchController.swift; sourceTree = "<group>"; };
		2D3F9C4F1F9059CB0050CD57 /* BSSearchUserController.swift */ = {isa = PBXFileReference; lastKnownFileType = sourcecode.swift; path = BSSearchUserController.swift; sourceTree = "<group>"; };
		2D3F9C521F905C770050CD57 /* BSPurseHeaderCell.swift */ = {isa = PBXFileReference; lastKnownFileType = sourcecode.swift; path = BSPurseHeaderCell.swift; sourceTree = "<group>"; };
		2D3F9C531F905C770050CD57 /* BSPurseHeaderCell.xib */ = {isa = PBXFileReference; lastKnownFileType = file.xib; path = BSPurseHeaderCell.xib; sourceTree = "<group>"; };
		2D3F9C561F9061620050CD57 /* BSBTCTypeTableViewCell.swift */ = {isa = PBXFileReference; lastKnownFileType = sourcecode.swift; path = BSBTCTypeTableViewCell.swift; sourceTree = "<group>"; };
		2D3F9C571F9061620050CD57 /* BSBTCTypeTableViewCell.xib */ = {isa = PBXFileReference; lastKnownFileType = file.xib; path = BSBTCTypeTableViewCell.xib; sourceTree = "<group>"; };
		2D3F9C5A1F9064020050CD57 /* BSGetBTCCell.swift */ = {isa = PBXFileReference; lastKnownFileType = sourcecode.swift; path = BSGetBTCCell.swift; sourceTree = "<group>"; };
		2D3F9C5B1F9064020050CD57 /* BSGetBTCCell.xib */ = {isa = PBXFileReference; lastKnownFileType = file.xib; path = BSGetBTCCell.xib; sourceTree = "<group>"; };
		2D3F9C5E1F9065730050CD57 /* BSPostBTCCell.swift */ = {isa = PBXFileReference; lastKnownFileType = sourcecode.swift; path = BSPostBTCCell.swift; sourceTree = "<group>"; };
		2D3F9C5F1F9065730050CD57 /* BSPostBTCCell.xib */ = {isa = PBXFileReference; lastKnownFileType = file.xib; path = BSPostBTCCell.xib; sourceTree = "<group>"; };
		2D3F9C621F9086EB0050CD57 /* BSTradingDetailController.swift */ = {isa = PBXFileReference; lastKnownFileType = sourcecode.swift; path = BSTradingDetailController.swift; sourceTree = "<group>"; };
		2D3F9C641F9087360050CD57 /* BSTradingCell.swift */ = {isa = PBXFileReference; lastKnownFileType = sourcecode.swift; path = BSTradingCell.swift; sourceTree = "<group>"; };
		2D3F9C651F9087360050CD57 /* BSTradingCell.xib */ = {isa = PBXFileReference; lastKnownFileType = file.xib; path = BSTradingCell.xib; sourceTree = "<group>"; };
		2D3F9C6B1F908B0E0050CD57 /* BSScreenView.swift */ = {isa = PBXFileReference; lastKnownFileType = sourcecode.swift; path = BSScreenView.swift; sourceTree = "<group>"; };
		2D3F9C6D1F908B180050CD57 /* BSScreenView.xib */ = {isa = PBXFileReference; lastKnownFileType = file.xib; path = BSScreenView.xib; sourceTree = "<group>"; };
		2D3F9C6F1F908DED0050CD57 /* ETPopupView.swift */ = {isa = PBXFileReference; lastKnownFileType = sourcecode.swift; path = ETPopupView.swift; sourceTree = "<group>"; };
		2D3F9C711F908E070050CD57 /* ETPopupViewExtension.swift */ = {isa = PBXFileReference; lastKnownFileType = sourcecode.swift; path = ETPopupViewExtension.swift; sourceTree = "<group>"; };
		2D3F9C731F9096A50050CD57 /* BSScreenCollectionViewCell.swift */ = {isa = PBXFileReference; lastKnownFileType = sourcecode.swift; path = BSScreenCollectionViewCell.swift; sourceTree = "<group>"; };
		2D3F9C741F9096A50050CD57 /* BSScreenCollectionViewCell.xib */ = {isa = PBXFileReference; lastKnownFileType = file.xib; path = BSScreenCollectionViewCell.xib; sourceTree = "<group>"; };
		2D423E9D1F8E15F200D38418 /* BSLoginViewModel.swift */ = {isa = PBXFileReference; lastKnownFileType = sourcecode.swift; path = BSLoginViewModel.swift; sourceTree = "<group>"; };
		2D423E9F1F8E46F200D38418 /* BSForgetPassViewController.swift */ = {isa = PBXFileReference; lastKnownFileType = sourcecode.swift; path = BSForgetPassViewController.swift; sourceTree = "<group>"; };
		2D423EA11F8E477F00D38418 /* BSResetViewController.swift */ = {isa = PBXFileReference; lastKnownFileType = sourcecode.swift; path = BSResetViewController.swift; sourceTree = "<group>"; };
		2D4E38E71F8F8F95004A16A4 /* BSAboutMeController.swift */ = {isa = PBXFileReference; lastKnownFileType = sourcecode.swift; path = BSAboutMeController.swift; sourceTree = "<group>"; };
		2D4E38E91F8F91F1004A16A4 /* BSCenterController.swift */ = {isa = PBXFileReference; lastKnownFileType = sourcecode.swift; path = BSCenterController.swift; sourceTree = "<group>"; };
		2D4E38EB1F8F92BC004A16A4 /* BSSuggestController.swift */ = {isa = PBXFileReference; lastKnownFileType = sourcecode.swift; path = BSSuggestController.swift; sourceTree = "<group>"; };
		2D4E38ED1F8F9AC4004A16A4 /* BSSuggestCell.swift */ = {isa = PBXFileReference; lastKnownFileType = sourcecode.swift; path = BSSuggestCell.swift; sourceTree = "<group>"; };
		2D4E38EE1F8F9AC4004A16A4 /* BSSuggestCell.xib */ = {isa = PBXFileReference; lastKnownFileType = file.xib; path = BSSuggestCell.xib; sourceTree = "<group>"; };
		2D5615121F8DA88800BB9C03 /* BSViewComponent.swift */ = {isa = PBXFileReference; lastKnownFileType = sourcecode.swift; path = BSViewComponent.swift; sourceTree = "<group>"; };
		2D5615141F8DAA3300BB9C03 /* BSSetNickViewController.swift */ = {isa = PBXFileReference; lastKnownFileType = sourcecode.swift; path = BSSetNickViewController.swift; sourceTree = "<group>"; };
		2D5615501F8DFD4700BB9C03 /* BSCountryNavView.swift */ = {isa = PBXFileReference; lastKnownFileType = sourcecode.swift; path = BSCountryNavView.swift; sourceTree = "<group>"; };
		2D5615521F8DFD6500BB9C03 /* BSCountryNavView.xib */ = {isa = PBXFileReference; lastKnownFileType = file.xib; path = BSCountryNavView.xib; sourceTree = "<group>"; };
		2D5DCA711F94685600944FDA /* BSMobileListController.swift */ = {isa = PBXFileReference; lastKnownFileType = sourcecode.swift; path = BSMobileListController.swift; sourceTree = "<group>"; };
		2D61A4431F8B4CCA00071D80 /* UIViewControllerRouter.swift */ = {isa = PBXFileReference; lastKnownFileType = sourcecode.swift; path = UIViewControllerRouter.swift; sourceTree = "<group>"; };
		2D61A4451F8B66DB00071D80 /* BSMyAdverteViewController.swift */ = {isa = PBXFileReference; lastKnownFileType = sourcecode.swift; path = BSMyAdverteViewController.swift; sourceTree = "<group>"; };
		2D61A4C31F8B7CAB00071D80 /* zh-Hans */ = {isa = PBXFileReference; lastKnownFileType = text.plist.strings; name = "zh-Hans"; path = "zh-Hans.lproj/Main.strings"; sourceTree = "<group>"; };
		2D61A4C41F8B7CAB00071D80 /* zh-Hans */ = {isa = PBXFileReference; lastKnownFileType = text.plist.strings; name = "zh-Hans"; path = "zh-Hans.lproj/LaunchScreen.strings"; sourceTree = "<group>"; };
		2D61A4C61F8B7CBC00071D80 /* zh-Hant */ = {isa = PBXFileReference; lastKnownFileType = text.plist.strings; name = "zh-Hant"; path = "zh-Hant.lproj/Main.strings"; sourceTree = "<group>"; };
		2D61A4C71F8B7CBC00071D80 /* zh-Hant */ = {isa = PBXFileReference; lastKnownFileType = text.plist.strings; name = "zh-Hant"; path = "zh-Hant.lproj/LaunchScreen.strings"; sourceTree = "<group>"; };
		2D61A4C91F8B7CEC00071D80 /* InfoPlist.strings */ = {isa = PBXFileReference; lastKnownFileType = text.plist.strings; path = InfoPlist.strings; sourceTree = "<group>"; };
		2D61A4CE1F8B7D0B00071D80 /* en */ = {isa = PBXFileReference; lastKnownFileType = text.plist.strings; name = en; path = en.lproj/Localizable.strings; sourceTree = "<group>"; };
		2D61A4D01F8B7D0C00071D80 /* zh-Hans */ = {isa = PBXFileReference; lastKnownFileType = text.plist.strings; name = "zh-Hans"; path = "zh-Hans.lproj/Localizable.strings"; sourceTree = "<group>"; };
		2D61A4D11F8B7D0D00071D80 /* zh-Hant */ = {isa = PBXFileReference; lastKnownFileType = text.plist.strings; name = "zh-Hant"; path = "zh-Hant.lproj/Localizable.strings"; sourceTree = "<group>"; };
		2D61A4D31F8B80DA00071D80 /* AutoGenStrings.py */ = {isa = PBXFileReference; lastKnownFileType = text.script.python; path = AutoGenStrings.py; sourceTree = "<group>"; };
		2D61A4D41F8B89BD00071D80 /* BSSettingViewController.swift */ = {isa = PBXFileReference; lastKnownFileType = sourcecode.swift; path = BSSettingViewController.swift; sourceTree = "<group>"; };
		2D61A4D61F8B8E8700071D80 /* BSSettingCell.swift */ = {isa = PBXFileReference; lastKnownFileType = sourcecode.swift; path = BSSettingCell.swift; sourceTree = "<group>"; };
		2D61A4D71F8B8E8700071D80 /* BSSettingCell.xib */ = {isa = PBXFileReference; lastKnownFileType = file.xib; path = BSSettingCell.xib; sourceTree = "<group>"; };
		2D61A9971F7F372E004AD2B8 /* BSSegmented.swift */ = {isa = PBXFileReference; lastKnownFileType = sourcecode.swift; path = BSSegmented.swift; sourceTree = "<group>"; };
		2D61A9BE1F7F61DC004AD2B8 /* BSBaseSegmentedControl.swift */ = {isa = PBXFileReference; lastKnownFileType = sourcecode.swift; path = BSBaseSegmentedControl.swift; sourceTree = "<group>"; };
		2D61A9C01F7F62C9004AD2B8 /* BSOrderViewControllers.swift */ = {isa = PBXFileReference; lastKnownFileType = sourcecode.swift; path = BSOrderViewControllers.swift; sourceTree = "<group>"; };
		2D61A9C21F7F6D58004AD2B8 /* BSMyTableViewCell.swift */ = {isa = PBXFileReference; lastKnownFileType = sourcecode.swift; path = BSMyTableViewCell.swift; sourceTree = "<group>"; };
		2D61A9C31F7F6D58004AD2B8 /* BSMyTableViewCell.xib */ = {isa = PBXFileReference; lastKnownFileType = file.xib; path = BSMyTableViewCell.xib; sourceTree = "<group>"; };
		2D61A9C61F7F8494004AD2B8 /* BAMySetTableViewCell.swift */ = {isa = PBXFileReference; lastKnownFileType = sourcecode.swift; path = BAMySetTableViewCell.swift; sourceTree = "<group>"; };
		2D61A9C71F7F8494004AD2B8 /* BAMySetTableViewCell.xib */ = {isa = PBXFileReference; lastKnownFileType = file.xib; path = BAMySetTableViewCell.xib; sourceTree = "<group>"; };
		2D61A9CF1F8B0A19004AD2B8 /* Login.storyboard */ = {isa = PBXFileReference; lastKnownFileType = file.storyboard; path = Login.storyboard; sourceTree = "<group>"; };
		2D61A9D11F8B0AA9004AD2B8 /* BSLoginViewController.swift */ = {isa = PBXFileReference; lastKnownFileType = sourcecode.swift; path = BSLoginViewController.swift; sourceTree = "<group>"; };
		2D6523C11F8CF07D00CB5B54 /* BSExtensionAdd.swift */ = {isa = PBXFileReference; lastKnownFileType = sourcecode.swift; path = BSExtensionAdd.swift; sourceTree = "<group>"; };
		2D6523C31F8CF82B00CB5B54 /* BSRegistViewController.swift */ = {isa = PBXFileReference; lastKnownFileType = sourcecode.swift; path = BSRegistViewController.swift; sourceTree = "<group>"; };
		2D6BDE9C1F7E34DE00E64452 /* BSTransactCell.swift */ = {isa = PBXFileReference; lastKnownFileType = sourcecode.swift; path = BSTransactCell.swift; sourceTree = "<group>"; };
		2D6BDE9D1F7E34DE00E64452 /* BSTransactCell.xib */ = {isa = PBXFileReference; lastKnownFileType = file.xib; path = BSTransactCell.xib; sourceTree = "<group>"; };
		2D6BDEA01F7E3BF400E64452 /* BSBaseTableViewController.swift */ = {isa = PBXFileReference; lastKnownFileType = sourcecode.swift; path = BSBaseTableViewController.swift; sourceTree = "<group>"; };
		2D6BDEA21F7E449F00E64452 /* NSObject+Rx.swift */ = {isa = PBXFileReference; lastKnownFileType = sourcecode.swift; path = "NSObject+Rx.swift"; sourceTree = "<group>"; };
		2D6D655D1F9446EF003B03AF /* BSMyBuyController.swift */ = {isa = PBXFileReference; lastKnownFileType = sourcecode.swift; path = BSMyBuyController.swift; sourceTree = "<group>"; };
		2D6D655F1F94471C003B03AF /* BSMyBuyCell.swift */ = {isa = PBXFileReference; lastKnownFileType = sourcecode.swift; path = BSMyBuyCell.swift; sourceTree = "<group>"; };
		2D6D65601F94471C003B03AF /* BSMyBuyCell.xib */ = {isa = PBXFileReference; lastKnownFileType = file.xib; path = BSMyBuyCell.xib; sourceTree = "<group>"; };
		2D6D65641F945429003B03AF /* BSLoginModel.swift */ = {isa = PBXFileReference; lastKnownFileType = sourcecode.swift; path = BSLoginModel.swift; sourceTree = "<group>"; };
		2D6D65681F945C26003B03AF /* BSPostViewModel.swift */ = {isa = PBXFileReference; lastKnownFileType = sourcecode.swift; path = BSPostViewModel.swift; sourceTree = "<group>"; };
		2DDD35701F7DD2E1005DED82 /* BSMaster.app */ = {isa = PBXFileReference; explicitFileType = wrapper.application; includeInIndex = 0; path = BSMaster.app; sourceTree = BUILT_PRODUCTS_DIR; };
		2DDD35731F7DD2E1005DED82 /* AppDelegate.swift */ = {isa = PBXFileReference; lastKnownFileType = sourcecode.swift; path = AppDelegate.swift; sourceTree = "<group>"; };
		2DDD35781F7DD2E1005DED82 /* Base */ = {isa = PBXFileReference; lastKnownFileType = file.storyboard; name = Base; path = Base.lproj/Main.storyboard; sourceTree = "<group>"; };
		2DDD357A1F7DD2E1005DED82 /* Assets.xcassets */ = {isa = PBXFileReference; lastKnownFileType = folder.assetcatalog; path = Assets.xcassets; sourceTree = "<group>"; };
		2DDD357D1F7DD2E1005DED82 /* Base */ = {isa = PBXFileReference; lastKnownFileType = file.storyboard; name = Base; path = Base.lproj/LaunchScreen.storyboard; sourceTree = "<group>"; };
		2DDD357F1F7DD2E1005DED82 /* Info.plist */ = {isa = PBXFileReference; lastKnownFileType = text.plist.xml; path = Info.plist; sourceTree = "<group>"; };
		2DDD35851F7DDDE3005DED82 /* BSMaster-Bridging-Header.h */ = {isa = PBXFileReference; lastKnownFileType = sourcecode.c.h; path = "BSMaster-Bridging-Header.h"; sourceTree = "<group>"; };
		2DDD358E1F7DE3BF005DED82 /* BSBaseViewController.swift */ = {isa = PBXFileReference; lastKnownFileType = sourcecode.swift; path = BSBaseViewController.swift; sourceTree = "<group>"; };
		2DDD35921F7DE489005DED82 /* BSConfig.swift */ = {isa = PBXFileReference; lastKnownFileType = sourcecode.swift; path = BSConfig.swift; sourceTree = "<group>"; };
		2DDD35941F7DE8F8005DED82 /* BSApiPath.swift */ = {isa = PBXFileReference; lastKnownFileType = sourcecode.swift; path = BSApiPath.swift; sourceTree = "<group>"; };
		2DDD35961F7DE90C005DED82 /* BSNetManager.swift */ = {isa = PBXFileReference; lastKnownFileType = sourcecode.swift; path = BSNetManager.swift; sourceTree = "<group>"; };
		2DDD35981F7DE91A005DED82 /* BSRequestApi.swift */ = {isa = PBXFileReference; lastKnownFileType = sourcecode.swift; path = BSRequestApi.swift; sourceTree = "<group>"; };
		2DDD35BC1F7DF324005DED82 /* BSUIViewController.swift */ = {isa = PBXFileReference; lastKnownFileType = sourcecode.swift; path = BSUIViewController.swift; sourceTree = "<group>"; };
		2DDD35BF1F7DF3BA005DED82 /* BSUtil.swift */ = {isa = PBXFileReference; lastKnownFileType = sourcecode.swift; path = BSUtil.swift; sourceTree = "<group>"; };
		2DDD35C11F7DF413005DED82 /* BSHud.swift */ = {isa = PBXFileReference; lastKnownFileType = sourcecode.swift; path = BSHud.swift; sourceTree = "<group>"; };
		2DDD35C31F7DF586005DED82 /* BSImageView.swift */ = {isa = PBXFileReference; lastKnownFileType = sourcecode.swift; path = BSImageView.swift; sourceTree = "<group>"; };
		2DDD35C61F7E0C91005DED82 /* BSBaseNavigation.swift */ = {isa = PBXFileReference; lastKnownFileType = sourcecode.swift; path = BSBaseNavigation.swift; sourceTree = "<group>"; };
		2DDD35C81F7E0D59005DED82 /* BSBaseTabBar.swift */ = {isa = PBXFileReference; lastKnownFileType = sourcecode.swift; path = BSBaseTabBar.swift; sourceTree = "<group>"; };
		2DDD35CC1F7E1B98005DED82 /* Transact.storyboard */ = {isa = PBXFileReference; lastKnownFileType = file.storyboard; path = Transact.storyboard; sourceTree = "<group>"; };
		2DDD35CE1F7E1E5C005DED82 /* Order.storyboard */ = {isa = PBXFileReference; lastKnownFileType = file.storyboard; path = Order.storyboard; sourceTree = "<group>"; };
		2DDD35F91F7E20C3005DED82 /* Purse.storyboard */ = {isa = PBXFileReference; lastKnownFileType = file.storyboard; path = Purse.storyboard; sourceTree = "<group>"; };
		2DDD35FB1F7E20CD005DED82 /* My.storyboard */ = {isa = PBXFileReference; lastKnownFileType = file.storyboard; path = My.storyboard; sourceTree = "<group>"; };
		2DE0E2481F8B219700DB225C /* BSPhoneLoginViewController.swift */ = {isa = PBXFileReference; lastKnownFileType = sourcecode.swift; path = BSPhoneLoginViewController.swift; sourceTree = "<group>"; };
		2DE3305B1F7E282400048D3D /* BSPurseViewController.swift */ = {isa = PBXFileReference; lastKnownFileType = sourcecode.swift; path = BSPurseViewController.swift; sourceTree = "<group>"; };
		2DE3305D1F7E288500048D3D /* BSMyViewController.swift */ = {isa = PBXFileReference; lastKnownFileType = sourcecode.swift; path = BSMyViewController.swift; sourceTree = "<group>"; };
		2DE3305F1F7E289A00048D3D /* BSMainViewController.swift */ = {isa = PBXFileReference; lastKnownFileType = sourcecode.swift; path = BSMainViewController.swift; sourceTree = "<group>"; };
		2DE330611F7E28A900048D3D /* BSOrderViewController.swift */ = {isa = PBXFileReference; lastKnownFileType = sourcecode.swift; path = BSOrderViewController.swift; sourceTree = "<group>"; };
		2DE330631F7E28B700048D3D /* BSTransactViewController.swift */ = {isa = PBXFileReference; lastKnownFileType = sourcecode.swift; path = BSTransactViewController.swift; sourceTree = "<group>"; };
		2DE330651F7E29B500048D3D /* UIStoryboard+.swift */ = {isa = PBXFileReference; lastKnownFileType = sourcecode.swift; path = "UIStoryboard+.swift"; sourceTree = "<group>"; };
		2DE330671F7E2A2600048D3D /* UITableView+.swift */ = {isa = PBXFileReference; lastKnownFileType = sourcecode.swift; path = "UITableView+.swift"; sourceTree = "<group>"; };
		2DE330691F7E2BCE00048D3D /* String+.swift */ = {isa = PBXFileReference; lastKnownFileType = sourcecode.swift; path = "String+.swift"; sourceTree = "<group>"; };
		2DE3306B1F7E2C3100048D3D /* UIImage+.swift */ = {isa = PBXFileReference; lastKnownFileType = sourcecode.swift; path = "UIImage+.swift"; sourceTree = "<group>"; };
		2DE3306D1F7E2C5700048D3D /* UIView+.swift */ = {isa = PBXFileReference; lastKnownFileType = sourcecode.swift; path = "UIView+.swift"; sourceTree = "<group>"; };
		2DE3306F1F7E2EBC00048D3D /* BSTransactDetailViewController.swift */ = {isa = PBXFileReference; lastKnownFileType = sourcecode.swift; path = BSTransactDetailViewController.swift; sourceTree = "<group>"; };
		2DEF92461F7F2BF0001425CF /* BSTransactViewControllers.swift */ = {isa = PBXFileReference; lastKnownFileType = sourcecode.swift; path = BSTransactViewControllers.swift; sourceTree = "<group>"; };
		2DFB49CF1F90D2FB007EE744 /* BSRealNameCell.swift */ = {isa = PBXFileReference; lastKnownFileType = sourcecode.swift; path = BSRealNameCell.swift; sourceTree = "<group>"; };
		2DFB49D01F90D2FB007EE744 /* BSRealNameCell.xib */ = {isa = PBXFileReference; lastKnownFileType = file.xib; path = BSRealNameCell.xib; sourceTree = "<group>"; };
		2DFB49D31F90D42A007EE744 /* BSRealStyleCell.swift */ = {isa = PBXFileReference; lastKnownFileType = sourcecode.swift; path = BSRealStyleCell.swift; sourceTree = "<group>"; };
		2DFB49D41F90D42A007EE744 /* BSRealStyleCell.xib */ = {isa = PBXFileReference; lastKnownFileType = file.xib; path = BSRealStyleCell.xib; sourceTree = "<group>"; };
		2DFB49D91F90D8EB007EE744 /* BSRealNameController.swift */ = {isa = PBXFileReference; lastKnownFileType = sourcecode.swift; path = BSRealNameController.swift; sourceTree = "<group>"; };
		4E6456A2F94F2B67C0EF0857 /* Pods-BSMaster.release.xcconfig */ = {isa = PBXFileReference; includeInIndex = 1; lastKnownFileType = text.xcconfig; name = "Pods-BSMaster.release.xcconfig"; path = "Pods/Target Support Files/Pods-BSMaster/Pods-BSMaster.release.xcconfig"; sourceTree = "<group>"; };
		E65DAFDC7E304D6EAB0C3BA1 /* Pods-BSMaster.debug.xcconfig */ = {isa = PBXFileReference; includeInIndex = 1; lastKnownFileType = text.xcconfig; name = "Pods-BSMaster.debug.xcconfig"; path = "Pods/Target Support Files/Pods-BSMaster/Pods-BSMaster.debug.xcconfig"; sourceTree = "<group>"; };
		F95CB83FB92F115C73212760 /* Pods_BSMaster.framework */ = {isa = PBXFileReference; explicitFileType = wrapper.framework; includeInIndex = 0; path = Pods_BSMaster.framework; sourceTree = BUILT_PRODUCTS_DIR; };
/* End PBXFileReference section */

/* Begin PBXFrameworksBuildPhase section */
		2DDD356D1F7DD2E1005DED82 /* Frameworks */ = {
			isa = PBXFrameworksBuildPhase;
			buildActionMask = 2147483647;
			files = (
				67B1322242825BD17484678C /* Pods_BSMaster.framework in Frameworks */,
			);
			runOnlyForDeploymentPostprocessing = 0;
		};
/* End PBXFrameworksBuildPhase section */

/* Begin PBXGroup section */
		2D07A8471F8F543D00636188 /* Model */ = {
			isa = PBXGroup;
			children = (
				2D07A8481F8F545100636188 /* BSPostModel.swift */,
			);
			path = Model;
			sourceTree = "<group>";
		};
		2D07A84E1F8F60AC00636188 /* BSThirdParty */ = {
			isa = PBXGroup;
			children = (
				2D3F9C6F1F908DED0050CD57 /* ETPopupView.swift */,
				2D3F9C711F908E070050CD57 /* ETPopupViewExtension.swift */,
			);
			path = BSThirdParty;
			sourceTree = "<group>";
		};
		2D0F64DD1F90E3B90005341A /* ViewModel */ = {
			isa = PBXGroup;
			children = (
				2D0F64DE1F90E43D0005341A /* BSMyViewModel.swift */,
			);
			path = ViewModel;
			sourceTree = "<group>";
		};
		2D3F9C511F905C560050CD57 /* View */ = {
			isa = PBXGroup;
			children = (
				2D3F9C521F905C770050CD57 /* BSPurseHeaderCell.swift */,
				2D3F9C531F905C770050CD57 /* BSPurseHeaderCell.xib */,
				2D3F9C561F9061620050CD57 /* BSBTCTypeTableViewCell.swift */,
				2D3F9C571F9061620050CD57 /* BSBTCTypeTableViewCell.xib */,
				2D3F9C5A1F9064020050CD57 /* BSGetBTCCell.swift */,
				2D3F9C5B1F9064020050CD57 /* BSGetBTCCell.xib */,
				2D3F9C5E1F9065730050CD57 /* BSPostBTCCell.swift */,
				2D3F9C5F1F9065730050CD57 /* BSPostBTCCell.xib */,
				2D3F9C641F9087360050CD57 /* BSTradingCell.swift */,
				2D3F9C651F9087360050CD57 /* BSTradingCell.xib */,
				2D3F9C731F9096A50050CD57 /* BSScreenCollectionViewCell.swift */,
				2D3F9C741F9096A50050CD57 /* BSScreenCollectionViewCell.xib */,
				2D3F9C6B1F908B0E0050CD57 /* BSScreenView.swift */,
				2D3F9C6D1F908B180050CD57 /* BSScreenView.xib */,
				2D0C9E5C1F90A04700698F1D /* BSSreenDateView.swift */,
				2D0C9E5E1F90A04F00698F1D /* BSSreenDateView.xib */,
			);
			path = View;
			sourceTree = "<group>";
		};
		2D423E9C1F8E15E100D38418 /* ViewModel */ = {
			isa = PBXGroup;
			children = (
				2D423E9D1F8E15F200D38418 /* BSLoginViewModel.swift */,
			);
			path = ViewModel;
			sourceTree = "<group>";
		};
		2D61A4421F8B4C8300071D80 /* BSRoute */ = {
			isa = PBXGroup;
			children = (
				2D61A4431F8B4CCA00071D80 /* UIViewControllerRouter.swift */,
			);
			name = BSRoute;
			path = BSMaster/Expand/BSRoute;
			sourceTree = SOURCE_ROOT;
		};
		2D61A4D21F8B80DA00071D80 /* RunScript */ = {
			isa = PBXGroup;
			children = (
				2D61A4D31F8B80DA00071D80 /* AutoGenStrings.py */,
			);
			path = RunScript;
			sourceTree = "<group>";
		};
		2D61A9961F7F370A004AD2B8 /* View */ = {
			isa = PBXGroup;
			children = (
				2D61A9971F7F372E004AD2B8 /* BSSegmented.swift */,
				2D5615501F8DFD4700BB9C03 /* BSCountryNavView.swift */,
				2D5615521F8DFD6500BB9C03 /* BSCountryNavView.xib */,
			);
			path = View;
			sourceTree = "<group>";
		};
		2D61A9CA1F8B09B9004AD2B8 /* Login */ = {
			isa = PBXGroup;
			children = (
				2D6D65631F945412003B03AF /* Model */,
				2D423E9C1F8E15E100D38418 /* ViewModel */,
				2D61A9CC1F8B09B9004AD2B8 /* View */,
				2D61A9CD1F8B09B9004AD2B8 /* ViewController */,
			);
			path = Login;
			sourceTree = "<group>";
		};
		2D61A9CC1F8B09B9004AD2B8 /* View */ = {
			isa = PBXGroup;
			children = (
			);
			path = View;
			sourceTree = "<group>";
		};
		2D61A9CD1F8B09B9004AD2B8 /* ViewController */ = {
			isa = PBXGroup;
			children = (
				2D61A9D11F8B0AA9004AD2B8 /* BSLoginViewController.swift */,
				2DE0E2481F8B219700DB225C /* BSPhoneLoginViewController.swift */,
				2D6523C31F8CF82B00CB5B54 /* BSRegistViewController.swift */,
				2D5DCA711F94685600944FDA /* BSMobileListController.swift */,
				2D423E9F1F8E46F200D38418 /* BSForgetPassViewController.swift */,
				2D423EA11F8E477F00D38418 /* BSResetViewController.swift */,
				2D5615141F8DAA3300BB9C03 /* BSSetNickViewController.swift */,
			);
			path = ViewController;
			sourceTree = "<group>";
		};
		2D6BDE9B1F7E34A900E64452 /* Cell */ = {
			isa = PBXGroup;
			children = (
				2D6BDE9C1F7E34DE00E64452 /* BSTransactCell.swift */,
				2D6BDE9D1F7E34DE00E64452 /* BSTransactCell.xib */,
				2D38F0531F8C66E9008264E7 /* BSBuyCoinCell.swift */,
				2D0C37451F8CAC0100EFF40E /* BSBuyCoinCell.xib */,
				2D0C374E1F8CBDED00EFF40E /* BSBuyRemindCell.swift */,
				2D0C37561F8CC17E00EFF40E /* BSBuyRemindCell.xib */,
				2D07A83E1F8F4F6F00636188 /* BSPostCell.swift */,
				2D07A83F1F8F4F6F00636188 /* BSPostCell.xib */,
				2D07A84A1F8F5FE500636188 /* BSPostInputCell.swift */,
				2D07A84B1F8F5FE500636188 /* BSPostInputCell.xib */,
				2D07A85C1F8F706600636188 /* BSPostHighTableViewCell.swift */,
				2D07A85D1F8F706600636188 /* BSPostHighTableViewCell.xib */,
			);
			path = Cell;
			sourceTree = "<group>";
		};
		2D6D65631F945412003B03AF /* Model */ = {
			isa = PBXGroup;
			children = (
				2D6D65641F945429003B03AF /* BSLoginModel.swift */,
			);
			path = Model;
			sourceTree = "<group>";
		};
		2D6D65671F945C19003B03AF /* ViewModel */ = {
			isa = PBXGroup;
			children = (
				2D6D65681F945C26003B03AF /* BSPostViewModel.swift */,
			);
			path = ViewModel;
			sourceTree = "<group>";
		};
		2DDD35671F7DD2E1005DED82 = {
			isa = PBXGroup;
			children = (
				2DDD35721F7DD2E1005DED82 /* BSMaster */,
				2DDD35711F7DD2E1005DED82 /* Products */,
				EBD12A8A03B3A06BB1563CFB /* Pods */,
				A7AF20D4C1C06F0F39947CB6 /* Frameworks */,
			);
			sourceTree = "<group>";
		};
		2DDD35711F7DD2E1005DED82 /* Products */ = {
			isa = PBXGroup;
			children = (
				2DDD35701F7DD2E1005DED82 /* BSMaster.app */,
			);
			name = Products;
			sourceTree = "<group>";
		};
		2DDD35721F7DD2E1005DED82 /* BSMaster */ = {
			isa = PBXGroup;
			children = (
				2DDD35BE1F7DF396005DED82 /* Util */,
				2DDD358A1F7DE39E005DED82 /* WebService */,
				2DDD35891F7DE39E005DED82 /* Expand */,
				2DDD358B1F7DE39E005DED82 /* ViewControllers */,
				2DDD358D1F7DE39F005DED82 /* Resource */,
				2DDD35731F7DD2E1005DED82 /* AppDelegate.swift */,
				2DDD357A1F7DD2E1005DED82 /* Assets.xcassets */,
				2DDD357C1F7DD2E1005DED82 /* LaunchScreen.storyboard */,
				2DDD357F1F7DD2E1005DED82 /* Info.plist */,
				2DDD35851F7DDDE3005DED82 /* BSMaster-Bridging-Header.h */,
			);
			path = BSMaster;
			sourceTree = "<group>";
		};
		2DDD35891F7DE39E005DED82 /* Expand */ = {
			isa = PBXGroup;
			children = (
				2D07A84E1F8F60AC00636188 /* BSThirdParty */,
				2D61A4421F8B4C8300071D80 /* BSRoute */,
				2DDD35911F7DE454005DED82 /* BSConfig */,
				2DDD35901F7DE454005DED82 /* BSExtension */,
			);
			path = Expand;
			sourceTree = "<group>";
		};
		2DDD358A1F7DE39E005DED82 /* WebService */ = {
			isa = PBXGroup;
			children = (
				2DDD35941F7DE8F8005DED82 /* BSApiPath.swift */,
				2DDD35981F7DE91A005DED82 /* BSRequestApi.swift */,
				2DDD35961F7DE90C005DED82 /* BSNetManager.swift */,
			);
			path = WebService;
			sourceTree = "<group>";
		};
		2DDD358B1F7DE39E005DED82 /* ViewControllers */ = {
			isa = PBXGroup;
			children = (
				2DDD358C1F7DE39E005DED82 /* BaseViewController */,
				2DDD35D01F7E1EFB005DED82 /* Transact */,
				2DDD35D11F7E1EFB005DED82 /* Order */,
				2DDD35D41F7E1EFC005DED82 /* Main */,
				2DDD35D31F7E1EFC005DED82 /* Purse */,
				2DDD35D21F7E1EFC005DED82 /* My */,
				2D61A9CA1F8B09B9004AD2B8 /* Login */,
			);
			path = ViewControllers;
			sourceTree = "<group>";
		};
		2DDD358C1F7DE39E005DED82 /* BaseViewController */ = {
			isa = PBXGroup;
			children = (
				2DDD358E1F7DE3BF005DED82 /* BSBaseViewController.swift */,
				2D6BDEA01F7E3BF400E64452 /* BSBaseTableViewController.swift */,
				2DDD35C61F7E0C91005DED82 /* BSBaseNavigation.swift */,
				2DDD35C81F7E0D59005DED82 /* BSBaseTabBar.swift */,
				2D61A9BE1F7F61DC004AD2B8 /* BSBaseSegmentedControl.swift */,
				2D0C37521F8CC0F600EFF40E /* BSBaseTableViewCell.swift */,
				2D07A8361F8F1EB900636188 /* BSBaseMackViewController.swift */,
				2D07A8381F8F329E00636188 /* BSMaskBuyView.swift */,
				2D07A83A1F8F32AC00636188 /* BSMaskBuyView.xib */,
			);
			path = BaseViewController;
			sourceTree = "<group>";
		};
		2DDD358D1F7DE39F005DED82 /* Resource */ = {
			isa = PBXGroup;
			children = (
				2DDD35C51F7DF962005DED82 /* StoryBoards */,
				2D61A4CF1F8B7D0B00071D80 /* Localizable.strings */,
				2D61A4C91F8B7CEC00071D80 /* InfoPlist.strings */,
			);
			path = Resource;
			sourceTree = "<group>";
		};
		2DDD35901F7DE454005DED82 /* BSExtension */ = {
			isa = PBXGroup;
			children = (
				2DDD35BC1F7DF324005DED82 /* BSUIViewController.swift */,
				2D5615121F8DA88800BB9C03 /* BSViewComponent.swift */,
				2DE330651F7E29B500048D3D /* UIStoryboard+.swift */,
				2DE330671F7E2A2600048D3D /* UITableView+.swift */,
				2DE330691F7E2BCE00048D3D /* String+.swift */,
				2DE3306B1F7E2C3100048D3D /* UIImage+.swift */,
				2DE3306D1F7E2C5700048D3D /* UIView+.swift */,
			);
			path = BSExtension;
			sourceTree = "<group>";
		};
		2DDD35911F7DE454005DED82 /* BSConfig */ = {
			isa = PBXGroup;
			children = (
				2DDD35921F7DE489005DED82 /* BSConfig.swift */,
				2D6523C11F8CF07D00CB5B54 /* BSExtensionAdd.swift */,
			);
			path = BSConfig;
			sourceTree = "<group>";
		};
		2DDD35BE1F7DF396005DED82 /* Util */ = {
			isa = PBXGroup;
			children = (
				2D61A4D21F8B80DA00071D80 /* RunScript */,
				2D6BDEA21F7E449F00E64452 /* NSObject+Rx.swift */,
				2DDD35BF1F7DF3BA005DED82 /* BSUtil.swift */,
				2DDD35C11F7DF413005DED82 /* BSHud.swift */,
				2DDD35C31F7DF586005DED82 /* BSImageView.swift */,
			);
			path = Util;
			sourceTree = "<group>";
		};
		2DDD35C51F7DF962005DED82 /* StoryBoards */ = {
			isa = PBXGroup;
			children = (
				2DDD35771F7DD2E1005DED82 /* Main.storyboard */,
				2DDD35CC1F7E1B98005DED82 /* Transact.storyboard */,
				2DDD35CE1F7E1E5C005DED82 /* Order.storyboard */,
				2DDD35F91F7E20C3005DED82 /* Purse.storyboard */,
				2DDD35FB1F7E20CD005DED82 /* My.storyboard */,
				2D61A9CF1F8B0A19004AD2B8 /* Login.storyboard */,
			);
			path = StoryBoards;
			sourceTree = "<group>";
		};
		2DDD35D01F7E1EFB005DED82 /* Transact */ = {
			isa = PBXGroup;
			children = (
				2D6D65671F945C19003B03AF /* ViewModel */,
				2D07A8471F8F543D00636188 /* Model */,
				2DDD35E01F7E2043005DED82 /* ViewController */,
				2DDD35DE1F7E2043005DED82 /* View */,
			);
			path = Transact;
			sourceTree = "<group>";
		};
		2DDD35D11F7E1EFB005DED82 /* Order */ = {
			isa = PBXGroup;
			children = (
				2DDD35E31F7E204B005DED82 /* Model */,
				2DDD35E71F7E204B005DED82 /* View */,
				2DDD35E51F7E204B005DED82 /* ViewController */,
				2DDD35E41F7E204B005DED82 /* ViewModel */,
			);
			path = Order;
			sourceTree = "<group>";
		};
		2DDD35D21F7E1EFC005DED82 /* My */ = {
			isa = PBXGroup;
			children = (
				2D0F64DD1F90E3B90005341A /* ViewModel */,
				2DDD35F61F7E206B005DED82 /* Model */,
				2DDD35F21F7E206A005DED82 /* View */,
				2DDD35F41F7E206A005DED82 /* ViewController */,
			);
			path = My;
			sourceTree = "<group>";
		};
		2DDD35D31F7E1EFC005DED82 /* Purse */ = {
			isa = PBXGroup;
			children = (
				2D3F9C511F905C560050CD57 /* View */,
				2DDD35EF1F7E205F005DED82 /* Model */,
				2DDD35F01F7E205F005DED82 /* ViewController */,
				2DDD35EE1F7E205F005DED82 /* ViewModel */,
			);
			path = Purse;
			sourceTree = "<group>";
		};
		2DDD35D41F7E1EFC005DED82 /* Main */ = {
			isa = PBXGroup;
			children = (
				2DDD35EA1F7E2057005DED82 /* Model */,
				2DDD35EB1F7E2057005DED82 /* View */,
				2DDD35E81F7E2057005DED82 /* ViewController */,
				2DDD35EC1F7E2057005DED82 /* ViewModel */,
			);
			path = Main;
			sourceTree = "<group>";
		};
		2DDD35DE1F7E2043005DED82 /* View */ = {
			isa = PBXGroup;
			children = (
				2D61A9961F7F370A004AD2B8 /* View */,
				2D6BDE9B1F7E34A900E64452 /* Cell */,
			);
			path = View;
			sourceTree = "<group>";
		};
		2DDD35E01F7E2043005DED82 /* ViewController */ = {
			isa = PBXGroup;
			children = (
				2DEF92461F7F2BF0001425CF /* BSTransactViewControllers.swift */,
				2DE330631F7E28B700048D3D /* BSTransactViewController.swift */,
				2DE3306F1F7E2EBC00048D3D /* BSTransactDetailViewController.swift */,
				2D07A83C1F8F40EB00636188 /* BSPostViewController.swift */,
				2D07A8601F8F77AD00636188 /* BSDigitalCoinController.swift */,
				2D3F9C4D1F904C0F0050CD57 /* BSSearchController.swift */,
				2D3F9C4F1F9059CB0050CD57 /* BSSearchUserController.swift */,
			);
			path = ViewController;
			sourceTree = "<group>";
		};
		2DDD35E31F7E204B005DED82 /* Model */ = {
			isa = PBXGroup;
			children = (
			);
			path = Model;
			sourceTree = "<group>";
		};
		2DDD35E41F7E204B005DED82 /* ViewModel */ = {
			isa = PBXGroup;
			children = (
			);
			path = ViewModel;
			sourceTree = "<group>";
		};
		2DDD35E51F7E204B005DED82 /* ViewController */ = {
			isa = PBXGroup;
			children = (
				2D61A9C01F7F62C9004AD2B8 /* BSOrderViewControllers.swift */,
				2DE330611F7E28A900048D3D /* BSOrderViewController.swift */,
			);
			path = ViewController;
			sourceTree = "<group>";
		};
		2DDD35E71F7E204B005DED82 /* View */ = {
			isa = PBXGroup;
			children = (
			);
			path = View;
			sourceTree = "<group>";
		};
		2DDD35E81F7E2057005DED82 /* ViewController */ = {
			isa = PBXGroup;
			children = (
				2DE3305F1F7E289A00048D3D /* BSMainViewController.swift */,
			);
			path = ViewController;
			sourceTree = "<group>";
		};
		2DDD35EA1F7E2057005DED82 /* Model */ = {
			isa = PBXGroup;
			children = (
			);
			path = Model;
			sourceTree = "<group>";
		};
		2DDD35EB1F7E2057005DED82 /* View */ = {
			isa = PBXGroup;
			children = (
			);
			path = View;
			sourceTree = "<group>";
		};
		2DDD35EC1F7E2057005DED82 /* ViewModel */ = {
			isa = PBXGroup;
			children = (
			);
			path = ViewModel;
			sourceTree = "<group>";
		};
		2DDD35EE1F7E205F005DED82 /* ViewModel */ = {
			isa = PBXGroup;
			children = (
			);
			path = ViewModel;
			sourceTree = "<group>";
		};
		2DDD35EF1F7E205F005DED82 /* Model */ = {
			isa = PBXGroup;
			children = (
			);
			path = Model;
			sourceTree = "<group>";
		};
		2DDD35F01F7E205F005DED82 /* ViewController */ = {
			isa = PBXGroup;
			children = (
				2DE3305B1F7E282400048D3D /* BSPurseViewController.swift */,
				2D3F9C621F9086EB0050CD57 /* BSTradingDetailController.swift */,
			);
			path = ViewController;
			sourceTree = "<group>";
		};
		2DDD35F21F7E206A005DED82 /* View */ = {
			isa = PBXGroup;
			children = (
				2D61A9C21F7F6D58004AD2B8 /* BSMyTableViewCell.swift */,
				2D61A9C31F7F6D58004AD2B8 /* BSMyTableViewCell.xib */,
				2D6D655F1F94471C003B03AF /* BSMyBuyCell.swift */,
				2D6D65601F94471C003B03AF /* BSMyBuyCell.xib */,
				2D61A9C61F7F8494004AD2B8 /* BAMySetTableViewCell.swift */,
				2D61A9C71F7F8494004AD2B8 /* BAMySetTableViewCell.xib */,
				2D61A4D61F8B8E8700071D80 /* BSSettingCell.swift */,
				2D61A4D71F8B8E8700071D80 /* BSSettingCell.xib */,
				2D4E38ED1F8F9AC4004A16A4 /* BSSuggestCell.swift */,
				2D4E38EE1F8F9AC4004A16A4 /* BSSuggestCell.xib */,
				2D0C9E601F90B4DC00698F1D /* BSSuggestTitleCell.swift */,
				2D0C9E611F90B4DC00698F1D /* BSSuggestTitleCell.xib */,
				2DFB49CF1F90D2FB007EE744 /* BSRealNameCell.swift */,
				2DFB49D01F90D2FB007EE744 /* BSRealNameCell.xib */,
				2DFB49D31F90D42A007EE744 /* BSRealStyleCell.swift */,
				2DFB49D41F90D42A007EE744 /* BSRealStyleCell.xib */,
			);
			path = View;
			sourceTree = "<group>";
		};
		2DDD35F41F7E206A005DED82 /* ViewController */ = {
			isa = PBXGroup;
			children = (
				2DE3305D1F7E288500048D3D /* BSMyViewController.swift */,
				2D61A4451F8B66DB00071D80 /* BSMyAdverteViewController.swift */,
				2D6D655D1F9446EF003B03AF /* BSMyBuyController.swift */,
				2D61A4D41F8B89BD00071D80 /* BSSettingViewController.swift */,
				2D4E38E71F8F8F95004A16A4 /* BSAboutMeController.swift */,
				2D4E38E91F8F91F1004A16A4 /* BSCenterController.swift */,
				2D4E38EB1F8F92BC004A16A4 /* BSSuggestController.swift */,
				2DFB49D91F90D8EB007EE744 /* BSRealNameController.swift */,
				2D0F64DB1F90DF440005341A /* BSResetFiestViewController.swift */,
			);
			path = ViewController;
			sourceTree = "<group>";
		};
		2DDD35F61F7E206B005DED82 /* Model */ = {
			isa = PBXGroup;
			children = (
			);
			path = Model;
			sourceTree = "<group>";
		};
		A7AF20D4C1C06F0F39947CB6 /* Frameworks */ = {
			isa = PBXGroup;
			children = (
				F95CB83FB92F115C73212760 /* Pods_BSMaster.framework */,
			);
			name = Frameworks;
			sourceTree = "<group>";
		};
		EBD12A8A03B3A06BB1563CFB /* Pods */ = {
			isa = PBXGroup;
			children = (
				E65DAFDC7E304D6EAB0C3BA1 /* Pods-BSMaster.debug.xcconfig */,
				4E6456A2F94F2B67C0EF0857 /* Pods-BSMaster.release.xcconfig */,
			);
			name = Pods;
			sourceTree = "<group>";
		};
/* End PBXGroup section */

/* Begin PBXNativeTarget section */
		2DDD356F1F7DD2E1005DED82 /* BSMaster */ = {
			isa = PBXNativeTarget;
			buildConfigurationList = 2DDD35821F7DD2E1005DED82 /* Build configuration list for PBXNativeTarget "BSMaster" */;
			buildPhases = (
				0867139059A9B39C8DFD3561 /* [CP] Check Pods Manifest.lock */,
				2DDD356C1F7DD2E1005DED82 /* Sources */,
				2DDD356D1F7DD2E1005DED82 /* Frameworks */,
				2DDD356E1F7DD2E1005DED82 /* Resources */,
				410BB840823AA9F761847EAD /* [CP] Embed Pods Frameworks */,
				5389712643DFC88CE815E298 /* [CP] Copy Pods Resources */,
			);
			buildRules = (
			);
			dependencies = (
			);
			name = BSMaster;
			productName = BSMaster;
			productReference = 2DDD35701F7DD2E1005DED82 /* BSMaster.app */;
			productType = "com.apple.product-type.application";
		};
/* End PBXNativeTarget section */

/* Begin PBXProject section */
		2DDD35681F7DD2E1005DED82 /* Project object */ = {
			isa = PBXProject;
			attributes = {
				LastSwiftUpdateCheck = 0900;
				LastUpgradeCheck = 0900;
				ORGANIZATIONNAME = "陈旭";
				TargetAttributes = {
					2DDD356F1F7DD2E1005DED82 = {
						CreatedOnToolsVersion = 9.0;
						LastSwiftMigration = 0900;
						ProvisioningStyle = Automatic;
					};
				};
			};
			buildConfigurationList = 2DDD356B1F7DD2E1005DED82 /* Build configuration list for PBXProject "BSMaster" */;
			compatibilityVersion = "Xcode 8.0";
			developmentRegion = en;
			hasScannedForEncodings = 0;
			knownRegions = (
				en,
				Base,
				"zh-Hans",
				"zh-Hant",
			);
			mainGroup = 2DDD35671F7DD2E1005DED82;
			productRefGroup = 2DDD35711F7DD2E1005DED82 /* Products */;
			projectDirPath = "";
			projectRoot = "";
			targets = (
				2DDD356F1F7DD2E1005DED82 /* BSMaster */,
			);
		};
/* End PBXProject section */

/* Begin PBXResourcesBuildPhase section */
		2DDD356E1F7DD2E1005DED82 /* Resources */ = {
			isa = PBXResourcesBuildPhase;
			buildActionMask = 2147483647;
			files = (
				2D6BDE9F1F7E34DE00E64452 /* BSTransactCell.xib in Resources */,
				2D3F9C6E1F908B180050CD57 /* BSScreenView.xib in Resources */,
				2D3F9C551F905C770050CD57 /* BSPurseHeaderCell.xib in Resources */,
				2D61A4CA1F8B7CEC00071D80 /* InfoPlist.strings in Resources */,
				2DDD35CF1F7E1E5C005DED82 /* Order.storyboard in Resources */,
				2D61A4D91F8B8E8700071D80 /* BSSettingCell.xib in Resources */,
				2DDD357E1F7DD2E1005DED82 /* LaunchScreen.storyboard in Resources */,
				2D0C9E631F90B4DC00698F1D /* BSSuggestTitleCell.xib in Resources */,
				2DDD35FA1F7E20C3005DED82 /* Purse.storyboard in Resources */,
				2D07A83B1F8F32AC00636188 /* BSMaskBuyView.xib in Resources */,
				2D61A9C51F7F6D58004AD2B8 /* BSMyTableViewCell.xib in Resources */,
				2D6D65621F94471C003B03AF /* BSMyBuyCell.xib in Resources */,
				2D3F9C5D1F9064020050CD57 /* BSGetBTCCell.xib in Resources */,
				2D07A8411F8F4F6F00636188 /* BSPostCell.xib in Resources */,
				2D61A9C91F7F8494004AD2B8 /* BAMySetTableViewCell.xib in Resources */,
				2D0C9E5F1F90A04F00698F1D /* BSSreenDateView.xib in Resources */,
				2D0C37541F8CC17E00EFF40E /* BSBuyRemindCell.xib in Resources */,
				2D4E38F01F8F9AC4004A16A4 /* BSSuggestCell.xib in Resources */,
				2DDD357B1F7DD2E1005DED82 /* Assets.xcassets in Resources */,
				2D3F9C671F9087360050CD57 /* BSTradingCell.xib in Resources */,
				2D3F9C591F9061620050CD57 /* BSBTCTypeTableViewCell.xib in Resources */,
				2DDD35CD1F7E1B98005DED82 /* Transact.storyboard in Resources */,
				2D61A4CD1F8B7D0B00071D80 /* Localizable.strings in Resources */,
				2D3F9C611F9065730050CD57 /* BSPostBTCCell.xib in Resources */,
				2D0C37431F8CAC0000EFF40E /* BSBuyCoinCell.xib in Resources */,
				2DDD35791F7DD2E1005DED82 /* Main.storyboard in Resources */,
				2DDD35FC1F7E20CD005DED82 /* My.storyboard in Resources */,
				2DFB49D61F90D42A007EE744 /* BSRealStyleCell.xib in Resources */,
				2D61A9D01F8B0A19004AD2B8 /* Login.storyboard in Resources */,
				2D07A85F1F8F706600636188 /* BSPostHighTableViewCell.xib in Resources */,
				2D3F9C761F9096A50050CD57 /* BSScreenCollectionViewCell.xib in Resources */,
				2DFB49D21F90D2FB007EE744 /* BSRealNameCell.xib in Resources */,
				2D5615531F8DFD6500BB9C03 /* BSCountryNavView.xib in Resources */,
				2D07A84D1F8F5FE500636188 /* BSPostInputCell.xib in Resources */,
			);
			runOnlyForDeploymentPostprocessing = 0;
		};
/* End PBXResourcesBuildPhase section */

/* Begin PBXShellScriptBuildPhase section */
		0867139059A9B39C8DFD3561 /* [CP] Check Pods Manifest.lock */ = {
			isa = PBXShellScriptBuildPhase;
			buildActionMask = 2147483647;
			files = (
			);
			inputPaths = (
				"${PODS_PODFILE_DIR_PATH}/Podfile.lock",
				"${PODS_ROOT}/Manifest.lock",
			);
			name = "[CP] Check Pods Manifest.lock";
			outputPaths = (
				"$(DERIVED_FILE_DIR)/Pods-BSMaster-checkManifestLockResult.txt",
			);
			runOnlyForDeploymentPostprocessing = 0;
			shellPath = /bin/sh;
			shellScript = "diff \"${PODS_PODFILE_DIR_PATH}/Podfile.lock\" \"${PODS_ROOT}/Manifest.lock\" > /dev/null\nif [ $? != 0 ] ; then\n    # print error to STDERR\n    echo \"error: The sandbox is not in sync with the Podfile.lock. Run 'pod install' or update your CocoaPods installation.\" >&2\n    exit 1\nfi\n# This output is used by Xcode 'outputs' to avoid re-running this script phase.\necho \"SUCCESS\" > \"${SCRIPT_OUTPUT_FILE_0}\"\n";
			showEnvVarsInLog = 0;
		};
		410BB840823AA9F761847EAD /* [CP] Embed Pods Frameworks */ = {
			isa = PBXShellScriptBuildPhase;
			buildActionMask = 2147483647;
			files = (
			);
			inputPaths = (
				"${SRCROOT}/Pods/Target Support Files/Pods-BSMaster/Pods-BSMaster-frameworks.sh",
				"${BUILT_PRODUCTS_DIR}/Alamofire/Alamofire.framework",
				"${BUILT_PRODUCTS_DIR}/DZNEmptyDataSet/DZNEmptyDataSet.framework",
				"${BUILT_PRODUCTS_DIR}/ESTabBarController-swift/ESTabBarController_swift.framework",
				"${BUILT_PRODUCTS_DIR}/EZSwiftExtensions/EZSwiftExtensions.framework",
				"${BUILT_PRODUCTS_DIR}/IQKeyboardManagerSwift/IQKeyboardManagerSwift.framework",
				"${BUILT_PRODUCTS_DIR}/KMNavigationBarTransition/KMNavigationBarTransition.framework",
				"${BUILT_PRODUCTS_DIR}/KMPlaceholderTextView/KMPlaceholderTextView.framework",
				"${BUILT_PRODUCTS_DIR}/Kingfisher/Kingfisher.framework",
				"${BUILT_PRODUCTS_DIR}/MJRefresh/MJRefresh.framework",
				"${BUILT_PRODUCTS_DIR}/Moya/Moya.framework",
				"${BUILT_PRODUCTS_DIR}/ObjectMapper/ObjectMapper.framework",
				"${BUILT_PRODUCTS_DIR}/Result/Result.framework",
				"${BUILT_PRODUCTS_DIR}/RxCocoa/RxCocoa.framework",
				"${BUILT_PRODUCTS_DIR}/RxDataSources/RxDataSources.framework",
				"${BUILT_PRODUCTS_DIR}/RxSwift/RxSwift.framework",
				"${BUILT_PRODUCTS_DIR}/SVProgressHUD/SVProgressHUD.framework",
				"${BUILT_PRODUCTS_DIR}/SnapKit/SnapKit.framework",
				"${BUILT_PRODUCTS_DIR}/SwiftyUserDefaults/SwiftyUserDefaults.framework",
				"${BUILT_PRODUCTS_DIR}/UITableView+FDTemplateLayoutCell/UITableView_FDTemplateLayoutCell.framework",
				"${BUILT_PRODUCTS_DIR}/VTMagic/VTMagic.framework",
			);
			name = "[CP] Embed Pods Frameworks";
			outputPaths = (
				"${TARGET_BUILD_DIR}/${FRAMEWORKS_FOLDER_PATH}/Alamofire.framework",
				"${TARGET_BUILD_DIR}/${FRAMEWORKS_FOLDER_PATH}/DZNEmptyDataSet.framework",
				"${TARGET_BUILD_DIR}/${FRAMEWORKS_FOLDER_PATH}/ESTabBarController_swift.framework",
				"${TARGET_BUILD_DIR}/${FRAMEWORKS_FOLDER_PATH}/EZSwiftExtensions.framework",
				"${TARGET_BUILD_DIR}/${FRAMEWORKS_FOLDER_PATH}/IQKeyboardManagerSwift.framework",
				"${TARGET_BUILD_DIR}/${FRAMEWORKS_FOLDER_PATH}/KMNavigationBarTransition.framework",
				"${TARGET_BUILD_DIR}/${FRAMEWORKS_FOLDER_PATH}/KMPlaceholderTextView.framework",
				"${TARGET_BUILD_DIR}/${FRAMEWORKS_FOLDER_PATH}/Kingfisher.framework",
				"${TARGET_BUILD_DIR}/${FRAMEWORKS_FOLDER_PATH}/MJRefresh.framework",
				"${TARGET_BUILD_DIR}/${FRAMEWORKS_FOLDER_PATH}/Moya.framework",
				"${TARGET_BUILD_DIR}/${FRAMEWORKS_FOLDER_PATH}/ObjectMapper.framework",
				"${TARGET_BUILD_DIR}/${FRAMEWORKS_FOLDER_PATH}/Result.framework",
				"${TARGET_BUILD_DIR}/${FRAMEWORKS_FOLDER_PATH}/RxCocoa.framework",
				"${TARGET_BUILD_DIR}/${FRAMEWORKS_FOLDER_PATH}/RxDataSources.framework",
				"${TARGET_BUILD_DIR}/${FRAMEWORKS_FOLDER_PATH}/RxSwift.framework",
				"${TARGET_BUILD_DIR}/${FRAMEWORKS_FOLDER_PATH}/SVProgressHUD.framework",
				"${TARGET_BUILD_DIR}/${FRAMEWORKS_FOLDER_PATH}/SnapKit.framework",
				"${TARGET_BUILD_DIR}/${FRAMEWORKS_FOLDER_PATH}/SwiftyUserDefaults.framework",
				"${TARGET_BUILD_DIR}/${FRAMEWORKS_FOLDER_PATH}/UITableView_FDTemplateLayoutCell.framework",
				"${TARGET_BUILD_DIR}/${FRAMEWORKS_FOLDER_PATH}/VTMagic.framework",
			);
			runOnlyForDeploymentPostprocessing = 0;
			shellPath = /bin/sh;
			shellScript = "\"${SRCROOT}/Pods/Target Support Files/Pods-BSMaster/Pods-BSMaster-frameworks.sh\"\n";
			showEnvVarsInLog = 0;
		};
		5389712643DFC88CE815E298 /* [CP] Copy Pods Resources */ = {
			isa = PBXShellScriptBuildPhase;
			buildActionMask = 2147483647;
			files = (
			);
			inputPaths = (
			);
			name = "[CP] Copy Pods Resources";
			outputPaths = (
			);
			runOnlyForDeploymentPostprocessing = 0;
			shellPath = /bin/sh;
			shellScript = "\"${SRCROOT}/Pods/Target Support Files/Pods-BSMaster/Pods-BSMaster-resources.sh\"\n";
			showEnvVarsInLog = 0;
		};
/* End PBXShellScriptBuildPhase section */

/* Begin PBXSourcesBuildPhase section */
		2DDD356C1F7DD2E1005DED82 /* Sources */ = {
			isa = PBXSourcesBuildPhase;
			buildActionMask = 2147483647;
			files = (
				2DDD35BD1F7DF324005DED82 /* BSUIViewController.swift in Sources */,
				2DFB49D11F90D2FB007EE744 /* BSRealNameCell.swift in Sources */,
				2D3F9C701F908DED0050CD57 /* ETPopupView.swift in Sources */,
				2DFB49DA1F90D8EB007EE744 /* BSRealNameController.swift in Sources */,
				2DDD35C71F7E0C91005DED82 /* BSBaseNavigation.swift in Sources */,
				2DDD35C91F7E0D59005DED82 /* BSBaseTabBar.swift in Sources */,
				2D07A84C1F8F5FE500636188 /* BSPostInputCell.swift in Sources */,
				2DDD35931F7DE489005DED82 /* BSConfig.swift in Sources */,
				2DDD358F1F7DE3BF005DED82 /* BSBaseViewController.swift in Sources */,
				2D6523C41F8CF82B00CB5B54 /* BSRegistViewController.swift in Sources */,
				2D07A85E1F8F706600636188 /* BSPostHighTableViewCell.swift in Sources */,
				2DEF92471F7F2BF0001425CF /* BSTransactViewControllers.swift in Sources */,
				2D3F9C6C1F908B0E0050CD57 /* BSScreenView.swift in Sources */,
				2D07A8371F8F1EBA00636188 /* BSBaseMackViewController.swift in Sources */,
				2DE330701F7E2EBC00048D3D /* BSTransactDetailViewController.swift in Sources */,
				2DDD35C21F7DF413005DED82 /* BSHud.swift in Sources */,
				2D6BDE9E1F7E34DE00E64452 /* BSTransactCell.swift in Sources */,
				2D423EA21F8E477F00D38418 /* BSResetViewController.swift in Sources */,
				2DDD35C41F7DF586005DED82 /* BSImageView.swift in Sources */,
				2DE3305C1F7E282400048D3D /* BSPurseViewController.swift in Sources */,
				2D3F9C721F908E070050CD57 /* ETPopupViewExtension.swift in Sources */,
				2DE330661F7E29B500048D3D /* UIStoryboard+.swift in Sources */,
				2D0F64DF1F90E43D0005341A /* BSMyViewModel.swift in Sources */,
				2DDD35991F7DE91A005DED82 /* BSRequestApi.swift in Sources */,
				2D3F9C5C1F9064020050CD57 /* BSGetBTCCell.swift in Sources */,
				2D61A4D81F8B8E8700071D80 /* BSSettingCell.swift in Sources */,
				2D6523C21F8CF07D00CB5B54 /* BSExtensionAdd.swift in Sources */,
				2D6D65691F945C27003B03AF /* BSPostViewModel.swift in Sources */,
				2DFB49D51F90D42A007EE744 /* BSRealStyleCell.swift in Sources */,
				2D3F9C661F9087360050CD57 /* BSTradingCell.swift in Sources */,
				2D4E38EA1F8F91F1004A16A4 /* BSCenterController.swift in Sources */,
				2D3F9C4E1F904C0F0050CD57 /* BSSearchController.swift in Sources */,
				2D0F64DC1F90DF440005341A /* BSResetFiestViewController.swift in Sources */,
				2DE3305E1F7E288500048D3D /* BSMyViewController.swift in Sources */,
				2D0C37501F8CBDED00EFF40E /* BSBuyRemindCell.swift in Sources */,
				2DDD35951F7DE8F8005DED82 /* BSApiPath.swift in Sources */,
				2D07A8401F8F4F6F00636188 /* BSPostCell.swift in Sources */,
				2D0C9E621F90B4DC00698F1D /* BSSuggestTitleCell.swift in Sources */,
				2D07A8391F8F329E00636188 /* BSMaskBuyView.swift in Sources */,
				2D423E9E1F8E15F200D38418 /* BSLoginViewModel.swift in Sources */,
				2D61A9C41F7F6D58004AD2B8 /* BSMyTableViewCell.swift in Sources */,
				2D4E38E81F8F8F95004A16A4 /* BSAboutMeController.swift in Sources */,
				2D3F9C541F905C770050CD57 /* BSPurseHeaderCell.swift in Sources */,
				2D423EA01F8E46F200D38418 /* BSForgetPassViewController.swift in Sources */,
				2D5615151F8DAA3300BB9C03 /* BSSetNickViewController.swift in Sources */,
				2DE330681F7E2A2600048D3D /* UITableView+.swift in Sources */,
				2DE330621F7E28A900048D3D /* BSOrderViewController.swift in Sources */,
				2D07A8611F8F77AD00636188 /* BSDigitalCoinController.swift in Sources */,
				2D6BDEA31F7E449F00E64452 /* NSObject+Rx.swift in Sources */,
				2D3F9C501F9059CB0050CD57 /* BSSearchUserController.swift in Sources */,
				2D6D655E1F9446EF003B03AF /* BSMyBuyController.swift in Sources */,
				2D0C9E5D1F90A04700698F1D /* BSSreenDateView.swift in Sources */,
				2D6D65611F94471C003B03AF /* BSMyBuyCell.swift in Sources */,
				2DDD35971F7DE90C005DED82 /* BSNetManager.swift in Sources */,
				2D4E38EF1F8F9AC4004A16A4 /* BSSuggestCell.swift in Sources */,
				2DE0E2491F8B219700DB225C /* BSPhoneLoginViewController.swift in Sources */,
				2D5DCA721F94685600944FDA /* BSMobileListController.swift in Sources */,
				2D4E38EC1F8F92BC004A16A4 /* BSSuggestController.swift in Sources */,
				2DDD35741F7DD2E1005DED82 /* AppDelegate.swift in Sources */,
				2D3F9C581F9061620050CD57 /* BSBTCTypeTableViewCell.swift in Sources */,
				2DE330641F7E28B700048D3D /* BSTransactViewController.swift in Sources */,
				2DE330601F7E289A00048D3D /* BSMainViewController.swift in Sources */,
				2D61A9C81F7F8494004AD2B8 /* BAMySetTableViewCell.swift in Sources */,
				2D6D65651F945429003B03AF /* BSLoginModel.swift in Sources */,
				2D5615511F8DFD4700BB9C03 /* BSCountryNavView.swift in Sources */,
				2D61A9C11F7F62C9004AD2B8 /* BSOrderViewControllers.swift in Sources */,
				2DE3306C1F7E2C3100048D3D /* UIImage+.swift in Sources */,
				2D61A9D21F8B0AA9004AD2B8 /* BSLoginViewController.swift in Sources */,
				2D61A4441F8B4CCA00071D80 /* UIViewControllerRouter.swift in Sources */,
				2D61A4461F8B66DB00071D80 /* BSMyAdverteViewController.swift in Sources */,
				2D61A9BF1F7F61DC004AD2B8 /* BSBaseSegmentedControl.swift in Sources */,
				2DE3306A1F7E2BCE00048D3D /* String+.swift in Sources */,
				2D61A9981F7F372E004AD2B8 /* BSSegmented.swift in Sources */,
				2D5615131F8DA88800BB9C03 /* BSViewComponent.swift in Sources */,
				2D3F9C751F9096A50050CD57 /* BSScreenCollectionViewCell.swift in Sources */,
				2D07A83D1F8F40EB00636188 /* BSPostViewController.swift in Sources */,
				2D6BDEA11F7E3BF400E64452 /* BSBaseTableViewController.swift in Sources */,
				2D38F0551F8C66E9008264E7 /* BSBuyCoinCell.swift in Sources */,
				2D07A8491F8F545100636188 /* BSPostModel.swift in Sources */,
				2DDD35C01F7DF3BA005DED82 /* BSUtil.swift in Sources */,
				2D3F9C631F9086EB0050CD57 /* BSTradingDetailController.swift in Sources */,
				2D61A4D51F8B89BD00071D80 /* BSSettingViewController.swift in Sources */,
				2DE3306E1F7E2C5700048D3D /* UIView+.swift in Sources */,
				2D3F9C601F9065730050CD57 /* BSPostBTCCell.swift in Sources */,
				2D0C37531F8CC0F600EFF40E /* BSBaseTableViewCell.swift in Sources */,
			);
			runOnlyForDeploymentPostprocessing = 0;
		};
/* End PBXSourcesBuildPhase section */

/* Begin PBXVariantGroup section */
		2D0C37451F8CAC0100EFF40E /* BSBuyCoinCell.xib */ = {
			isa = PBXVariantGroup;
			children = (
				2D0C374B1F8CAC8D00EFF40E /* zh-Hans */,
				2D0C375D1F8CCAD800EFF40E /* en */,
				2D0C375E1F8CCADC00EFF40E /* zh-Hant */,
				2D0C37601F8CD03400EFF40E /* Base */,
			);
			name = BSBuyCoinCell.xib;
			sourceTree = "<group>";
		};
		2D0C37561F8CC17E00EFF40E /* BSBuyRemindCell.xib */ = {
			isa = PBXVariantGroup;
			children = (
				2D0C37551F8CC17E00EFF40E /* zh-Hans */,
				2D0C37581F8CC18400EFF40E /* en */,
				2D0C375A1F8CC18700EFF40E /* zh-Hant */,
				2D0C375F1F8CD00100EFF40E /* Base */,
			);
			name = BSBuyRemindCell.xib;
			sourceTree = "<group>";
		};
		2D61A4CF1F8B7D0B00071D80 /* Localizable.strings */ = {
			isa = PBXVariantGroup;
			children = (
				2D61A4CE1F8B7D0B00071D80 /* en */,
				2D61A4D01F8B7D0C00071D80 /* zh-Hans */,
				2D61A4D11F8B7D0D00071D80 /* zh-Hant */,
			);
			name = Localizable.strings;
			sourceTree = "<group>";
		};
		2DDD35771F7DD2E1005DED82 /* Main.storyboard */ = {
			isa = PBXVariantGroup;
			children = (
				2DDD35781F7DD2E1005DED82 /* Base */,
				2D61A4C31F8B7CAB00071D80 /* zh-Hans */,
				2D61A4C61F8B7CBC00071D80 /* zh-Hant */,
			);
			name = Main.storyboard;
			sourceTree = "<group>";
		};
		2DDD357C1F7DD2E1005DED82 /* LaunchScreen.storyboard */ = {
			isa = PBXVariantGroup;
			children = (
				2DDD357D1F7DD2E1005DED82 /* Base */,
				2D61A4C41F8B7CAB00071D80 /* zh-Hans */,
				2D61A4C71F8B7CBC00071D80 /* zh-Hant */,
			);
			name = LaunchScreen.storyboard;
			sourceTree = "<group>";
		};
/* End PBXVariantGroup section */

/* Begin XCBuildConfiguration section */
		2DDD35801F7DD2E1005DED82 /* Debug */ = {
			isa = XCBuildConfiguration;
			buildSettings = {
				ALWAYS_SEARCH_USER_PATHS = NO;
				CLANG_ANALYZER_LOCALIZABILITY_NONLOCALIZED = YES;
				CLANG_ANALYZER_NONNULL = YES;
				CLANG_ANALYZER_NUMBER_OBJECT_CONVERSION = YES_AGGRESSIVE;
				CLANG_CXX_LANGUAGE_STANDARD = "gnu++14";
				CLANG_CXX_LIBRARY = "libc++";
				CLANG_ENABLE_MODULES = YES;
				CLANG_ENABLE_OBJC_ARC = YES;
				CLANG_WARN_BLOCK_CAPTURE_AUTORELEASING = YES;
				CLANG_WARN_BOOL_CONVERSION = YES;
				CLANG_WARN_COMMA = YES;
				CLANG_WARN_CONSTANT_CONVERSION = YES;
				CLANG_WARN_DIRECT_OBJC_ISA_USAGE = YES_ERROR;
				CLANG_WARN_DOCUMENTATION_COMMENTS = YES;
				CLANG_WARN_EMPTY_BODY = YES;
				CLANG_WARN_ENUM_CONVERSION = YES;
				CLANG_WARN_INFINITE_RECURSION = YES;
				CLANG_WARN_INT_CONVERSION = YES;
				CLANG_WARN_NON_LITERAL_NULL_CONVERSION = YES;
				CLANG_WARN_OBJC_LITERAL_CONVERSION = YES;
				CLANG_WARN_OBJC_ROOT_CLASS = YES_ERROR;
				CLANG_WARN_RANGE_LOOP_ANALYSIS = YES;
				CLANG_WARN_STRICT_PROTOTYPES = YES;
				CLANG_WARN_SUSPICIOUS_MOVE = YES;
				CLANG_WARN_UNGUARDED_AVAILABILITY = YES_AGGRESSIVE;
				CLANG_WARN_UNREACHABLE_CODE = YES;
				CLANG_WARN__DUPLICATE_METHOD_MATCH = YES;
				CODE_SIGN_IDENTITY = "iPhone Developer";
				COPY_PHASE_STRIP = NO;
				DEBUG_INFORMATION_FORMAT = dwarf;
				ENABLE_STRICT_OBJC_MSGSEND = YES;
				ENABLE_TESTABILITY = YES;
				GCC_C_LANGUAGE_STANDARD = gnu11;
				GCC_DYNAMIC_NO_PIC = NO;
				GCC_NO_COMMON_BLOCKS = YES;
				GCC_OPTIMIZATION_LEVEL = 0;
				GCC_PREPROCESSOR_DEFINITIONS = (
					"DEBUG=1",
					"$(inherited)",
				);
				GCC_WARN_64_TO_32_BIT_CONVERSION = YES;
				GCC_WARN_ABOUT_RETURN_TYPE = YES_ERROR;
				GCC_WARN_UNDECLARED_SELECTOR = YES;
				GCC_WARN_UNINITIALIZED_AUTOS = YES_AGGRESSIVE;
				GCC_WARN_UNUSED_FUNCTION = YES;
				GCC_WARN_UNUSED_VARIABLE = YES;
				IPHONEOS_DEPLOYMENT_TARGET = 9.0;
				MTL_ENABLE_DEBUG_INFO = YES;
				ONLY_ACTIVE_ARCH = YES;
				SDKROOT = iphoneos;
				SWIFT_ACTIVE_COMPILATION_CONDITIONS = DEBUG;
				SWIFT_OPTIMIZATION_LEVEL = "-Onone";
			};
			name = Debug;
		};
		2DDD35811F7DD2E1005DED82 /* Release */ = {
			isa = XCBuildConfiguration;
			buildSettings = {
				ALWAYS_SEARCH_USER_PATHS = NO;
				CLANG_ANALYZER_LOCALIZABILITY_NONLOCALIZED = YES;
				CLANG_ANALYZER_NONNULL = YES;
				CLANG_ANALYZER_NUMBER_OBJECT_CONVERSION = YES_AGGRESSIVE;
				CLANG_CXX_LANGUAGE_STANDARD = "gnu++14";
				CLANG_CXX_LIBRARY = "libc++";
				CLANG_ENABLE_MODULES = YES;
				CLANG_ENABLE_OBJC_ARC = YES;
				CLANG_WARN_BLOCK_CAPTURE_AUTORELEASING = YES;
				CLANG_WARN_BOOL_CONVERSION = YES;
				CLANG_WARN_COMMA = YES;
				CLANG_WARN_CONSTANT_CONVERSION = YES;
				CLANG_WARN_DIRECT_OBJC_ISA_USAGE = YES_ERROR;
				CLANG_WARN_DOCUMENTATION_COMMENTS = YES;
				CLANG_WARN_EMPTY_BODY = YES;
				CLANG_WARN_ENUM_CONVERSION = YES;
				CLANG_WARN_INFINITE_RECURSION = YES;
				CLANG_WARN_INT_CONVERSION = YES;
				CLANG_WARN_NON_LITERAL_NULL_CONVERSION = YES;
				CLANG_WARN_OBJC_LITERAL_CONVERSION = YES;
				CLANG_WARN_OBJC_ROOT_CLASS = YES_ERROR;
				CLANG_WARN_RANGE_LOOP_ANALYSIS = YES;
				CLANG_WARN_STRICT_PROTOTYPES = YES;
				CLANG_WARN_SUSPICIOUS_MOVE = YES;
				CLANG_WARN_UNGUARDED_AVAILABILITY = YES_AGGRESSIVE;
				CLANG_WARN_UNREACHABLE_CODE = YES;
				CLANG_WARN__DUPLICATE_METHOD_MATCH = YES;
				CODE_SIGN_IDENTITY = "iPhone Developer";
				COPY_PHASE_STRIP = NO;
				DEBUG_INFORMATION_FORMAT = "dwarf-with-dsym";
				ENABLE_NS_ASSERTIONS = NO;
				ENABLE_STRICT_OBJC_MSGSEND = YES;
				GCC_C_LANGUAGE_STANDARD = gnu11;
				GCC_NO_COMMON_BLOCKS = YES;
				GCC_WARN_64_TO_32_BIT_CONVERSION = YES;
				GCC_WARN_ABOUT_RETURN_TYPE = YES_ERROR;
				GCC_WARN_UNDECLARED_SELECTOR = YES;
				GCC_WARN_UNINITIALIZED_AUTOS = YES_AGGRESSIVE;
				GCC_WARN_UNUSED_FUNCTION = YES;
				GCC_WARN_UNUSED_VARIABLE = YES;
				IPHONEOS_DEPLOYMENT_TARGET = 9.0;
				MTL_ENABLE_DEBUG_INFO = NO;
				SDKROOT = iphoneos;
				SWIFT_OPTIMIZATION_LEVEL = "-Owholemodule";
				VALIDATE_PRODUCT = YES;
			};
			name = Release;
		};
		2DDD35831F7DD2E1005DED82 /* Debug */ = {
			isa = XCBuildConfiguration;
			baseConfigurationReference = E65DAFDC7E304D6EAB0C3BA1 /* Pods-BSMaster.debug.xcconfig */;
			buildSettings = {
				ARCHS = "$(ARCHS_STANDARD)";
				ASSETCATALOG_COMPILER_APPICON_NAME = AppIcon;
				CLANG_ENABLE_MODULES = YES;
				"CODE_SIGN_IDENTITY[sdk=iphoneos*]" = "iPhone Developer";
				CODE_SIGN_STYLE = Automatic;
				DEVELOPMENT_TEAM = B4WSDTADTT;
				ENABLE_BITCODE = NO;
				INFOPLIST_FILE = BSMaster/Info.plist;
				IPHONEOS_DEPLOYMENT_TARGET = 9.0;
				LD_RUNPATH_SEARCH_PATHS = "$(inherited) @executable_path/Frameworks";
				OTHER_LDFLAGS = (
					"$(inherited)",
					"-framework",
					"\"Alamofire\"",
					"-framework",
					"\"DZNEmptyDataSet\"",
					"-framework",
					"\"ESTabBarController_swift\"",
					"-framework",
					"\"EZSwiftExtensions\"",
					"-framework",
					"\"IQKeyboardManagerSwift\"",
					"-framework",
					"\"KMNavigationBarTransition\"",
					"-framework",
					"\"Kingfisher\"",
					"-framework",
					"\"MJRefresh\"",
					"-framework",
					"\"Moya\"",
					"-framework",
					"\"ObjectMapper\"",
					"-framework",
					"\"Result\"",
					"-framework",
					"\"RxCocoa\"",
					"-framework",
					"\"RxDataSources\"",
					"-framework",
					"\"RxSwift\"",
					"-framework",
					"\"SVProgressHUD\"",
					"-framework",
					"\"SnapKit\"",
					"-framework",
					"\"SwiftyUserDefaults\"",
					"-framework",
					"\"UITableView_FDTemplateLayoutCell\"",
					"-framework",
					"\"VTMagic\"",
					"-Objc",
					"$(inherited)",
				);
				PRODUCT_BUNDLE_IDENTIFIER = com.juquan.hailuo;
				PRODUCT_NAME = "$(TARGET_NAME)";
				PROVISIONING_PROFILE_SPECIFIER = "";
				SDKROOT = iphoneos;
				SWIFT_OBJC_BRIDGING_HEADER = "BSMaster/BSMaster-Bridging-Header.h";
				SWIFT_OPTIMIZATION_LEVEL = "-Onone";
				SWIFT_VERSION = 3.0;
				TARGETED_DEVICE_FAMILY = 1;
			};
			name = Debug;
		};
		2DDD35841F7DD2E1005DED82 /* Release */ = {
			isa = XCBuildConfiguration;
			baseConfigurationReference = 4E6456A2F94F2B67C0EF0857 /* Pods-BSMaster.release.xcconfig */;
			buildSettings = {
				ARCHS = "$(ARCHS_STANDARD)";
				ASSETCATALOG_COMPILER_APPICON_NAME = AppIcon;
				CLANG_ENABLE_MODULES = YES;
				"CODE_SIGN_IDENTITY[sdk=iphoneos*]" = "iPhone Developer";
				CODE_SIGN_STYLE = Automatic;
				DEVELOPMENT_TEAM = B4WSDTADTT;
				INFOPLIST_FILE = BSMaster/Info.plist;
				IPHONEOS_DEPLOYMENT_TARGET = 9.0;
				LD_RUNPATH_SEARCH_PATHS = "$(inherited) @executable_path/Frameworks";
				OTHER_LDFLAGS = (
					"$(inherited)",
					"-framework",
					"\"Alamofire\"",
					"-framework",
					"\"DZNEmptyDataSet\"",
					"-framework",
					"\"ESTabBarController_swift\"",
					"-framework",
					"\"EZSwiftExtensions\"",
					"-framework",
					"\"IQKeyboardManagerSwift\"",
					"-framework",
					"\"KMNavigationBarTransition\"",
					"-framework",
					"\"Kingfisher\"",
					"-framework",
					"\"MJRefresh\"",
					"-framework",
					"\"Moya\"",
					"-framework",
					"\"ObjectMapper\"",
					"-framework",
					"\"Result\"",
					"-framework",
					"\"RxCocoa\"",
					"-framework",
					"\"RxDataSources\"",
					"-framework",
					"\"RxSwift\"",
					"-framework",
					"\"SVProgressHUD\"",
					"-framework",
					"\"SnapKit\"",
					"-framework",
					"\"SwiftyUserDefaults\"",
					"-framework",
					"\"UITableView_FDTemplateLayoutCell\"",
					"-framework",
					"\"VTMagic\"",
					"-Objc",
					"$(inherited)",
				);
				PRODUCT_BUNDLE_IDENTIFIER = com.juquan.hailuo;
				PRODUCT_NAME = "$(TARGET_NAME)";
				PROVISIONING_PROFILE_SPECIFIER = "";
				SDKROOT = iphoneos;
				SWIFT_OBJC_BRIDGING_HEADER = "BSMaster/BSMaster-Bridging-Header.h";
				SWIFT_VERSION = 3.0;
				TARGETED_DEVICE_FAMILY = 1;
			};
			name = Release;
		};
/* End XCBuildConfiguration section */

/* Begin XCConfigurationList section */
		2DDD356B1F7DD2E1005DED82 /* Build configuration list for PBXProject "BSMaster" */ = {
			isa = XCConfigurationList;
			buildConfigurations = (
				2DDD35801F7DD2E1005DED82 /* Debug */,
				2DDD35811F7DD2E1005DED82 /* Release */,
			);
			defaultConfigurationIsVisible = 0;
			defaultConfigurationName = Release;
		};
		2DDD35821F7DD2E1005DED82 /* Build configuration list for PBXNativeTarget "BSMaster" */ = {
			isa = XCConfigurationList;
			buildConfigurations = (
				2DDD35831F7DD2E1005DED82 /* Debug */,
				2DDD35841F7DD2E1005DED82 /* Release */,
			);
			defaultConfigurationIsVisible = 0;
			defaultConfigurationName = Release;
		};
/* End XCConfigurationList section */
	};
	rootObject = 2DDD35681F7DD2E1005DED82 /* Project object */;
}
